// !$*UTF8*$!
{
	archiveVersion = 1;
	classes = {
	};
	objectVersion = 46;
	objects = {

/* Begin PBXBuildFile section */
		D504800773B98F3939335BA1 /* libPods-mckuai.a in Frameworks */ = {isa = PBXBuildFile; fileRef = C803131B3C815A90D93EFEED /* libPods-mckuai.a */; };
		E603D6421ADE650C00D93708 /* AsyncLegacy.swift in Sources */ = {isa = PBXBuildFile; fileRef = E603D6411ADE650C00D93708 /* AsyncLegacy.swift */; };
		E603D6441ADE657700D93708 /* WobbleView.swift in Sources */ = {isa = PBXBuildFile; fileRef = E603D6431ADE657700D93708 /* WobbleView.swift */; };
		E603D6481ADE664900D93708 /* SABlurImageView.swift in Sources */ = {isa = PBXBuildFile; fileRef = E603D6471ADE664900D93708 /* SABlurImageView.swift */; };
		E603D64B1ADE66BF00D93708 /* UIImage+BlurEffect.swift in Sources */ = {isa = PBXBuildFile; fileRef = E603D64A1ADE66BF00D93708 /* UIImage+BlurEffect.swift */; };
		E60624ED1ADE6F27007D6DEF /* SwiftyUserDefaults.swift in Sources */ = {isa = PBXBuildFile; fileRef = E60624EC1ADE6F27007D6DEF /* SwiftyUserDefaults.swift */; };
		E626508E1ADFA35F00B16094 /* SwiftyJSON.swift in Sources */ = {isa = PBXBuildFile; fileRef = E626508D1ADFA35F00B16094 /* SwiftyJSON.swift */; };
		E63898941AE0307E00756679 /* mainTableViewCell.swift in Sources */ = {isa = PBXBuildFile; fileRef = E63898921AE0307E00756679 /* mainTableViewCell.swift */; };
		E63898951AE0307E00756679 /* mainTableViewCell.xib in Resources */ = {isa = PBXBuildFile; fileRef = E63898931AE0307E00756679 /* mainTableViewCell.xib */; };
		E63898971AE042D900756679 /* mainData.swift in Sources */ = {isa = PBXBuildFile; fileRef = E63898961AE042D900756679 /* mainData.swift */; };
		E63DA5071AE6ACA6001D7811 /* mine.storyboard in Resources */ = {isa = PBXBuildFile; fileRef = E63DA5061AE6ACA6001D7811 /* mine.storyboard */; };
		E63DA5091AE6AD27001D7811 /* mineTableViewController.swift in Sources */ = {isa = PBXBuildFile; fileRef = E63DA5081AE6AD27001D7811 /* mineTableViewController.swift */; };
		E63DA50D1AE6B9C7001D7811 /* UINavigationBar+Awesome.m in Sources */ = {isa = PBXBuildFile; fileRef = E63DA50C1AE6B9C7001D7811 /* UINavigationBar+Awesome.m */; };
		E6518BED1ADD065E005A8C97 /* AppDelegate.swift in Sources */ = {isa = PBXBuildFile; fileRef = E6518BEC1ADD065E005A8C97 /* AppDelegate.swift */; };
		E6518BEF1ADD065E005A8C97 /* rootViewController.swift in Sources */ = {isa = PBXBuildFile; fileRef = E6518BEE1ADD065E005A8C97 /* rootViewController.swift */; };
		E6518BF21ADD065E005A8C97 /* Main.storyboard in Resources */ = {isa = PBXBuildFile; fileRef = E6518BF01ADD065E005A8C97 /* Main.storyboard */; };
		E6518BF41ADD065E005A8C97 /* Images.xcassets in Resources */ = {isa = PBXBuildFile; fileRef = E6518BF31ADD065E005A8C97 /* Images.xcassets */; };
		E6518BF71ADD065E005A8C97 /* LaunchScreen.xib in Resources */ = {isa = PBXBuildFile; fileRef = E6518BF51ADD065E005A8C97 /* LaunchScreen.xib */; };
		E6518C031ADD065E005A8C97 /* mckuaiTests.swift in Sources */ = {isa = PBXBuildFile; fileRef = E6518C021ADD065E005A8C97 /* mckuaiTests.swift */; };
		E68F466D1AF13D37001DEA99 /* libiOS_IMKit_v1_4_6.a in Frameworks */ = {isa = PBXBuildFile; fileRef = E68F466B1AF13D37001DEA99 /* libiOS_IMKit_v1_4_6.a */; };
		E68F466E1AF13D37001DEA99 /* RongCloud.bundle in Resources */ = {isa = PBXBuildFile; fileRef = E68F466C1AF13D37001DEA99 /* RongCloud.bundle */; };
		E68F46701AF13D5A001DEA99 /* AssetsLibrary.framework in Frameworks */ = {isa = PBXBuildFile; fileRef = E68F466F1AF13D5A001DEA99 /* AssetsLibrary.framework */; };
		E68F46801AF13E34001DEA99 /* AudioToolbox.framework in Frameworks */ = {isa = PBXBuildFile; fileRef = E68F46711AF13E34001DEA99 /* AudioToolbox.framework */; };
		E68F46811AF13E34001DEA99 /* AVFoundation.framework in Frameworks */ = {isa = PBXBuildFile; fileRef = E68F46721AF13E34001DEA99 /* AVFoundation.framework */; };
		E68F46821AF13E34001DEA99 /* CFNetwork.framework in Frameworks */ = {isa = PBXBuildFile; fileRef = E68F46731AF13E34001DEA99 /* CFNetwork.framework */; };
		E68F46831AF13E34001DEA99 /* CoreAudio.framework in Frameworks */ = {isa = PBXBuildFile; fileRef = E68F46741AF13E34001DEA99 /* CoreAudio.framework */; };
		E68F46841AF13E34001DEA99 /* CoreLocation.framework in Frameworks */ = {isa = PBXBuildFile; fileRef = E68F46751AF13E34001DEA99 /* CoreLocation.framework */; };
		E68F46851AF13E34001DEA99 /* CoreMedia.framework in Frameworks */ = {isa = PBXBuildFile; fileRef = E68F46761AF13E34001DEA99 /* CoreMedia.framework */; };
		E68F46861AF13E34001DEA99 /* CoreVideo.framework in Frameworks */ = {isa = PBXBuildFile; fileRef = E68F46771AF13E34001DEA99 /* CoreVideo.framework */; };
		E68F46871AF13E34001DEA99 /* ImageIO.framework in Frameworks */ = {isa = PBXBuildFile; fileRef = E68F46781AF13E34001DEA99 /* ImageIO.framework */; };
		E68F46881AF13E34001DEA99 /* libc++.dylib in Frameworks */ = {isa = PBXBuildFile; fileRef = E68F46791AF13E34001DEA99 /* libc++.dylib */; };
		E68F46891AF13E34001DEA99 /* libc++abi.dylib in Frameworks */ = {isa = PBXBuildFile; fileRef = E68F467A1AF13E34001DEA99 /* libc++abi.dylib */; };
		E68F468A1AF13E34001DEA99 /* libxml2.dylib in Frameworks */ = {isa = PBXBuildFile; fileRef = E68F467B1AF13E34001DEA99 /* libxml2.dylib */; };
		E68F468B1AF13E34001DEA99 /* MapKit.framework in Frameworks */ = {isa = PBXBuildFile; fileRef = E68F467C1AF13E34001DEA99 /* MapKit.framework */; };
		E68F468C1AF13E34001DEA99 /* OpenGLES.framework in Frameworks */ = {isa = PBXBuildFile; fileRef = E68F467D1AF13E34001DEA99 /* OpenGLES.framework */; };
		E68F468D1AF13E34001DEA99 /* QuartzCore.framework in Frameworks */ = {isa = PBXBuildFile; fileRef = E68F467E1AF13E34001DEA99 /* QuartzCore.framework */; };
		E68F468E1AF13E34001DEA99 /* UIKit.framework in Frameworks */ = {isa = PBXBuildFile; fileRef = E68F467F1AF13E34001DEA99 /* UIKit.framework */; };
		E692AA431AE8D0FC00577B3C /* mineHeadViewController.swift in Sources */ = {isa = PBXBuildFile; fileRef = E692AA411AE8D0FC00577B3C /* mineHeadViewController.swift */; };
		E692AA4A1AE962AC00577B3C /* SwiftColors.swift in Sources */ = {isa = PBXBuildFile; fileRef = E692AA491AE962AC00577B3C /* SwiftColors.swift */; };
		E692AA4D1AE9E43E00577B3C /* messageCell.swift in Sources */ = {isa = PBXBuildFile; fileRef = E692AA4B1AE9E43E00577B3C /* messageCell.swift */; };
		E692AA4E1AE9E43E00577B3C /* messageCell.xib in Resources */ = {isa = PBXBuildFile; fileRef = E692AA4C1AE9E43E00577B3C /* messageCell.xib */; };
		E692AA531AE9FA9E00577B3C /* UILabel+DynamicHeight.m in Sources */ = {isa = PBXBuildFile; fileRef = E692AA521AE9FA9E00577B3C /* UILabel+DynamicHeight.m */; };
		E692AA591AEA477A00577B3C /* HMSegmentedControl.m in Sources */ = {isa = PBXBuildFile; fileRef = E692AA581AEA477A00577B3C /* HMSegmentedControl.m */; };
		E696E5241AE7829000261F57 /* mainHeaderViewController.swift in Sources */ = {isa = PBXBuildFile; fileRef = E696E5231AE7829000261F57 /* mainHeaderViewController.swift */; };
		E696E5291AE7920800261F57 /* MFRoundProgressView.swift in Sources */ = {isa = PBXBuildFile; fileRef = E696E5281AE7920800261F57 /* MFRoundProgressView.swift */; };
		E696E5621AE7F88100261F57 /* citydict.plist in Resources */ = {isa = PBXBuildFile; fileRef = E696E5601AE7F88100261F57 /* citydict.plist */; };
		E696E5631AE7F88100261F57 /* cityListViewController.swift in Sources */ = {isa = PBXBuildFile; fileRef = E696E5611AE7F88100261F57 /* cityListViewController.swift */; };
		E6B2043A1AE69E4C00EB11B4 /* mainSubCell.swift in Sources */ = {isa = PBXBuildFile; fileRef = E6B204381AE69E4C00EB11B4 /* mainSubCell.swift */; };
		E6B2043B1AE69E4C00EB11B4 /* mainSubCell.xib in Resources */ = {isa = PBXBuildFile; fileRef = E6B204391AE69E4C00EB11B4 /* mainSubCell.xib */; };
		E6B204401AE6A56000EB11B4 /* live.storyboard in Resources */ = {isa = PBXBuildFile; fileRef = E6B2043F1AE6A56000EB11B4 /* live.storyboard */; };
		E6B204421AE6A63C00EB11B4 /* chat.storyboard in Resources */ = {isa = PBXBuildFile; fileRef = E6B204411AE6A63C00EB11B4 /* chat.storyboard */; };
		E6B204441AE6A66300EB11B4 /* chatViewController.swift in Sources */ = {isa = PBXBuildFile; fileRef = E6B204431AE6A66300EB11B4 /* chatViewController.swift */; };
		E6B204461AE6A73100EB11B4 /* community.storyboard in Resources */ = {isa = PBXBuildFile; fileRef = E6B204451AE6A73100EB11B4 /* community.storyboard */; };
		E6B204481AE6A74A00EB11B4 /* communityViewController.swift in Sources */ = {isa = PBXBuildFile; fileRef = E6B204471AE6A74A00EB11B4 /* communityViewController.swift */; };
		E6B7175E1ADECE1D00684E83 /* mainViewController.swift in Sources */ = {isa = PBXBuildFile; fileRef = E6B7175D1ADECE1D00684E83 /* mainViewController.swift */; };
		E6B717601ADECE7400684E83 /* liveViewController.swift in Sources */ = {isa = PBXBuildFile; fileRef = E6B7175F1ADECE7400684E83 /* liveViewController.swift */; };
		E6B717621ADED22D00684E83 /* leftMenuViewController.swift in Sources */ = {isa = PBXBuildFile; fileRef = E6B717611ADED22D00684E83 /* leftMenuViewController.swift */; };
		E6BF85961AF12BE1005F08B2 /* TencentOpenApi_IOS_Bundle.bundle in Resources */ = {isa = PBXBuildFile; fileRef = E6BF85941AF12BE1005F08B2 /* TencentOpenApi_IOS_Bundle.bundle */; };
		E6BF85971AF12BE1005F08B2 /* TencentOpenAPI.framework in Frameworks */ = {isa = PBXBuildFile; fileRef = E6BF85951AF12BE1005F08B2 /* TencentOpenAPI.framework */; };
		E6BF859E1AF12CB0005F08B2 /* ShareUtil.swift in Sources */ = {isa = PBXBuildFile; fileRef = E6BF85991AF12CB0005F08B2 /* ShareUtil.swift */; };
		E6BF859F1AF12CB0005F08B2 /* UserLogin.storyboard in Resources */ = {isa = PBXBuildFile; fileRef = E6BF859A1AF12CB0005F08B2 /* UserLogin.storyboard */; };
		E6BF85A01AF12CB0005F08B2 /* UserLogin.swift in Sources */ = {isa = PBXBuildFile; fileRef = E6BF859B1AF12CB0005F08B2 /* UserLogin.swift */; };
		E6BF85A11AF12CB0005F08B2 /* UserRegister.storyboard in Resources */ = {isa = PBXBuildFile; fileRef = E6BF859C1AF12CB0005F08B2 /* UserRegister.storyboard */; };
		E6BF85A21AF12CB0005F08B2 /* UserRegister.swift in Sources */ = {isa = PBXBuildFile; fileRef = E6BF859D1AF12CB0005F08B2 /* UserRegister.swift */; };
		E6BF85C91AF12DA9005F08B2 /* libSocialQQ.a in Frameworks */ = {isa = PBXBuildFile; fileRef = E6BF85A41AF12DA9005F08B2 /* libSocialQQ.a */; };
		E6BF85CA1AF12DA9005F08B2 /* TencentOpenAPI.framework in Frameworks */ = {isa = PBXBuildFile; fileRef = E6BF85A51AF12DA9005F08B2 /* TencentOpenAPI.framework */; };
		E6BF85CB1AF12DA9005F08B2 /* TencentOpenApi_IOS_Bundle.bundle in Resources */ = {isa = PBXBuildFile; fileRef = E6BF85A61AF12DA9005F08B2 /* TencentOpenApi_IOS_Bundle.bundle */; };
		E6BF85CC1AF12DA9005F08B2 /* UMSocialLocalizable.strings in Resources */ = {isa = PBXBuildFile; fileRef = E6BF85A91AF12DA9005F08B2 /* UMSocialLocalizable.strings */; };
		E6BF85CD1AF12DA9005F08B2 /* libUMSocial_Sdk_4.2.1.a in Frameworks */ = {isa = PBXBuildFile; fileRef = E6BF85B71AF12DA9005F08B2 /* libUMSocial_Sdk_4.2.1.a */; };
		E6BF85CE1AF12DA9005F08B2 /* UMSCommentDetailController.xib in Resources */ = {isa = PBXBuildFile; fileRef = E6BF85B91AF12DA9005F08B2 /* UMSCommentDetailController.xib */; };
		E6BF85CF1AF12DA9005F08B2 /* UMSCommentInputController.xib in Resources */ = {isa = PBXBuildFile; fileRef = E6BF85BA1AF12DA9005F08B2 /* UMSCommentInputController.xib */; };
		E6BF85D01AF12DA9005F08B2 /* UMSCommentInputControlleriPad.xib in Resources */ = {isa = PBXBuildFile; fileRef = E6BF85BB1AF12DA9005F08B2 /* UMSCommentInputControlleriPad.xib */; };
		E6BF85D11AF12DA9005F08B2 /* UMShareEditViewController.xib in Resources */ = {isa = PBXBuildFile; fileRef = E6BF85BC1AF12DA9005F08B2 /* UMShareEditViewController.xib */; };
		E6BF85D21AF12DA9005F08B2 /* UMShareEditViewControlleriPad.xib in Resources */ = {isa = PBXBuildFile; fileRef = E6BF85BD1AF12DA9005F08B2 /* UMShareEditViewControlleriPad.xib */; };
		E6BF85D31AF12DA9005F08B2 /* UMSLoginViewController.xib in Resources */ = {isa = PBXBuildFile; fileRef = E6BF85BE1AF12DA9005F08B2 /* UMSLoginViewController.xib */; };
		E6BF85D41AF12DA9005F08B2 /* UMSnsAccountViewController.xib in Resources */ = {isa = PBXBuildFile; fileRef = E6BF85BF1AF12DA9005F08B2 /* UMSnsAccountViewController.xib */; };
		E6BF85D51AF12DA9005F08B2 /* UMSShareListController.xib in Resources */ = {isa = PBXBuildFile; fileRef = E6BF85C01AF12DA9005F08B2 /* UMSShareListController.xib */; };
		E6BF85D61AF12DA9005F08B2 /* UMSocialSDKResourcesNew.bundle in Resources */ = {isa = PBXBuildFile; fileRef = E6BF85C11AF12DA9005F08B2 /* UMSocialSDKResourcesNew.bundle */; };
		E6BF85D71AF12DA9005F08B2 /* libSocialWechat.a in Frameworks */ = {isa = PBXBuildFile; fileRef = E6BF85C41AF12DA9005F08B2 /* libSocialWechat.a */; };
		E6BF85D81AF12DA9005F08B2 /* libWeChatSDK.a in Frameworks */ = {isa = PBXBuildFile; fileRef = E6BF85C51AF12DA9005F08B2 /* libWeChatSDK.a */; };
		E6BF85E31AF12DC4005F08B2 /* SCNavTabBar.m in Sources */ = {isa = PBXBuildFile; fileRef = E6BF85DC1AF12DC4005F08B2 /* SCNavTabBar.m */; };
		E6BF85E41AF12DC4005F08B2 /* SCNavTabBarController.m in Sources */ = {isa = PBXBuildFile; fileRef = E6BF85DE1AF12DC4005F08B2 /* SCNavTabBarController.m */; };
		E6BF85E51AF12DC4005F08B2 /* SCPopView.m in Sources */ = {isa = PBXBuildFile; fileRef = E6BF85E01AF12DC4005F08B2 /* SCPopView.m */; };
		E6BF85E61AF12DC4005F08B2 /* SJAvatarBrowser.m in Sources */ = {isa = PBXBuildFile; fileRef = E6BF85E21AF12DC4005F08B2 /* SJAvatarBrowser.m */; };
		E6BF85EB1AF12E33005F08B2 /* TalkDetail.storyboard in Resources */ = {isa = PBXBuildFile; fileRef = E6BF85E71AF12E33005F08B2 /* TalkDetail.storyboard */; };
		E6BF85EC1AF12E33005F08B2 /* TalkDetail.swift in Sources */ = {isa = PBXBuildFile; fileRef = E6BF85E81AF12E33005F08B2 /* TalkDetail.swift */; };
		E6BF85ED1AF12E33005F08B2 /* TalkList.storyboard in Resources */ = {isa = PBXBuildFile; fileRef = E6BF85E91AF12E33005F08B2 /* TalkList.storyboard */; };
		E6BF85EE1AF12E33005F08B2 /* TalkList.swift in Sources */ = {isa = PBXBuildFile; fileRef = E6BF85EA1AF12E33005F08B2 /* TalkList.swift */; };
		E6BF85F11AF12F91005F08B2 /* libMobClickLibrary.a in Frameworks */ = {isa = PBXBuildFile; fileRef = E6BF85EF1AF12F91005F08B2 /* libMobClickLibrary.a */; };
		E6BF85F31AF1313C005F08B2 /* libz.dylib in Frameworks */ = {isa = PBXBuildFile; fileRef = E6BF85F21AF1313C005F08B2 /* libz.dylib */; };
		E6BF85F51AF13171005F08B2 /* libstdc++.dylib in Frameworks */ = {isa = PBXBuildFile; fileRef = E6BF85F41AF13171005F08B2 /* libstdc++.dylib */; };
		E6BF85F71AF131B4005F08B2 /* CoreTelephony.framework in Frameworks */ = {isa = PBXBuildFile; fileRef = E6BF85F61AF131B4005F08B2 /* CoreTelephony.framework */; };
		E6BF85F91AF131C8005F08B2 /* libsqlite3.dylib in Frameworks */ = {isa = PBXBuildFile; fileRef = E6BF85F81AF131C8005F08B2 /* libsqlite3.dylib */; };
		E6BF85FB1AF13216005F08B2 /* CoreGraphics.framework in Frameworks */ = {isa = PBXBuildFile; fileRef = E6BF85FA1AF13216005F08B2 /* CoreGraphics.framework */; };
		E6BF85FD1AF13229005F08B2 /* SystemConfiguration.framework in Frameworks */ = {isa = PBXBuildFile; fileRef = E6BF85FC1AF13229005F08B2 /* SystemConfiguration.framework */; };
		E6BF85FF1AF13238005F08B2 /* libiconv.dylib in Frameworks */ = {isa = PBXBuildFile; fileRef = E6BF85FE1AF13238005F08B2 /* libiconv.dylib */; };
		E6BF86011AF13245005F08B2 /* Security.framework in Frameworks */ = {isa = PBXBuildFile; fileRef = E6BF86001AF13245005F08B2 /* Security.framework */; };
		E6D2C36B1AE1111500FF823E /* home.storyboard in Resources */ = {isa = PBXBuildFile; fileRef = E6D2C36A1AE1111500FF823E /* home.storyboard */; };
		E6DDF4931AEB9D0500339E75 /* MCUtils.swift in Sources */ = {isa = PBXBuildFile; fileRef = E6DDF4921AEB9D0500339E75 /* MCUtils.swift */; };
		E6DDF49C1AEBBC6800339E75 /* Launch.storyboard in Resources */ = {isa = PBXBuildFile; fileRef = E6DDF49A1AEBBC6800339E75 /* Launch.storyboard */; };
		E6DDF49D1AEBBC6800339E75 /* WelcomePlus.swift in Sources */ = {isa = PBXBuildFile; fileRef = E6DDF49B1AEBBC6800339E75 /* WelcomePlus.swift */; };
		E6DDF4A41AEF364A00339E75 /* backpackerViewController.swift in Sources */ = {isa = PBXBuildFile; fileRef = E6DDF4A31AEF364A00339E75 /* backpackerViewController.swift */; };
		E6DDF4A71AEF3B0700339E75 /* favoriteViewController.swift in Sources */ = {isa = PBXBuildFile; fileRef = E6DDF4A61AEF3B0700339E75 /* favoriteViewController.swift */; };
		E6DDF4AC1AEF662400339E75 /* CollectionCell.swift in Sources */ = {isa = PBXBuildFile; fileRef = E6DDF4AA1AEF662400339E75 /* CollectionCell.swift */; };
		E6DDF4B11AEF7A7E00339E75 /* friendsViewController.swift in Sources */ = {isa = PBXBuildFile; fileRef = E6DDF4B01AEF7A7E00339E75 /* friendsViewController.swift */; };
		E6DDF4B31AEF7C1000339E75 /* friends.storyboard in Resources */ = {isa = PBXBuildFile; fileRef = E6DDF4B21AEF7C1000339E75 /* friends.storyboard */; };
		E6DDF4BC1AF0824500339E75 /* other.storyboard in Resources */ = {isa = PBXBuildFile; fileRef = E6DDF4BB1AF0824500339E75 /* other.storyboard */; };
		E6DDF4BF1AF0829000339E75 /* otherViewController.swift in Sources */ = {isa = PBXBuildFile; fileRef = E6DDF4BE1AF0829000339E75 /* otherViewController.swift */; };
		E6DDF4C11AF082EA00339E75 /* otherHeadViewController.swift in Sources */ = {isa = PBXBuildFile; fileRef = E6DDF4C01AF082EA00339E75 /* otherHeadViewController.swift */; };
/* End PBXBuildFile section */

/* Begin PBXContainerItemProxy section */
		E6518BFD1ADD065E005A8C97 /* PBXContainerItemProxy */ = {
			isa = PBXContainerItemProxy;
			containerPortal = E6518BDF1ADD065E005A8C97 /* Project object */;
			proxyType = 1;
			remoteGlobalIDString = E6518BE61ADD065E005A8C97;
			remoteInfo = mckuai;
		};
/* End PBXContainerItemProxy section */

/* Begin PBXFileReference section */
		01A338F1C539FF6B80886F4A /* Pods-mckuai.debug.xcconfig */ = {isa = PBXFileReference; includeInIndex = 1; lastKnownFileType = text.xcconfig; name = "Pods-mckuai.debug.xcconfig"; path = "Pods/Target Support Files/Pods-mckuai/Pods-mckuai.debug.xcconfig"; sourceTree = "<group>"; };
		122493CA7CAEC4ECF51B2D3E /* Pods-mckuai.release.xcconfig */ = {isa = PBXFileReference; includeInIndex = 1; lastKnownFileType = text.xcconfig; name = "Pods-mckuai.release.xcconfig"; path = "Pods/Target Support Files/Pods-mckuai/Pods-mckuai.release.xcconfig"; sourceTree = "<group>"; };
		C803131B3C815A90D93EFEED /* libPods-mckuai.a */ = {isa = PBXFileReference; explicitFileType = archive.ar; includeInIndex = 0; path = "libPods-mckuai.a"; sourceTree = BUILT_PRODUCTS_DIR; };
		E603D6411ADE650C00D93708 /* AsyncLegacy.swift */ = {isa = PBXFileReference; fileEncoding = 4; lastKnownFileType = sourcecode.swift; name = AsyncLegacy.swift; path = ThirdParty/AsyncLegacy.swift; sourceTree = "<group>"; };
		E603D6431ADE657700D93708 /* WobbleView.swift */ = {isa = PBXFileReference; fileEncoding = 4; lastKnownFileType = sourcecode.swift; name = WobbleView.swift; path = ThirdParty/WobbleView.swift; sourceTree = "<group>"; };
		E603D6471ADE664900D93708 /* SABlurImageView.swift */ = {isa = PBXFileReference; fileEncoding = 4; lastKnownFileType = sourcecode.swift; name = SABlurImageView.swift; path = ThirdParty/SABlurImageView/SABlurImageView.swift; sourceTree = "<group>"; };
		E603D64A1ADE66BF00D93708 /* UIImage+BlurEffect.swift */ = {isa = PBXFileReference; fileEncoding = 4; lastKnownFileType = sourcecode.swift; name = "UIImage+BlurEffect.swift"; path = "ThirdParty/SABlurImageView/UIImage+BlurEffect.swift"; sourceTree = "<group>"; };
		E60624EC1ADE6F27007D6DEF /* SwiftyUserDefaults.swift */ = {isa = PBXFileReference; fileEncoding = 4; lastKnownFileType = sourcecode.swift; name = SwiftyUserDefaults.swift; path = ThirdParty/SwiftyUserDefaults.swift; sourceTree = "<group>"; };
		E626508D1ADFA35F00B16094 /* SwiftyJSON.swift */ = {isa = PBXFileReference; fileEncoding = 4; lastKnownFileType = sourcecode.swift; name = SwiftyJSON.swift; path = ThirdParty/SwiftyJSON.swift; sourceTree = "<group>"; };
		E63898921AE0307E00756679 /* mainTableViewCell.swift */ = {isa = PBXFileReference; fileEncoding = 4; lastKnownFileType = sourcecode.swift; path = mainTableViewCell.swift; sourceTree = "<group>"; };
		E63898931AE0307E00756679 /* mainTableViewCell.xib */ = {isa = PBXFileReference; fileEncoding = 4; lastKnownFileType = file.xib; path = mainTableViewCell.xib; sourceTree = "<group>"; };
		E63898961AE042D900756679 /* mainData.swift */ = {isa = PBXFileReference; fileEncoding = 4; lastKnownFileType = sourcecode.swift; path = mainData.swift; sourceTree = "<group>"; };
		E63DA5061AE6ACA6001D7811 /* mine.storyboard */ = {isa = PBXFileReference; fileEncoding = 4; lastKnownFileType = file.storyboard; name = mine.storyboard; path = mine/mine.storyboard; sourceTree = "<group>"; };
		E63DA5081AE6AD27001D7811 /* mineTableViewController.swift */ = {isa = PBXFileReference; fileEncoding = 4; lastKnownFileType = sourcecode.swift; name = mineTableViewController.swift; path = mine/mineTableViewController.swift; sourceTree = "<group>"; };
		E63DA50B1AE6B9C7001D7811 /* UINavigationBar+Awesome.h */ = {isa = PBXFileReference; fileEncoding = 4; lastKnownFileType = sourcecode.c.h; name = "UINavigationBar+Awesome.h"; path = "ThirdParty/LTNavigationBar/UINavigationBar+Awesome.h"; sourceTree = "<group>"; };
		E63DA50C1AE6B9C7001D7811 /* UINavigationBar+Awesome.m */ = {isa = PBXFileReference; fileEncoding = 4; lastKnownFileType = sourcecode.c.objc; name = "UINavigationBar+Awesome.m"; path = "ThirdParty/LTNavigationBar/UINavigationBar+Awesome.m"; sourceTree = "<group>"; };
		E6518BE71ADD065E005A8C97 /* mckuai.app */ = {isa = PBXFileReference; explicitFileType = wrapper.application; includeInIndex = 0; path = mckuai.app; sourceTree = BUILT_PRODUCTS_DIR; };
		E6518BEB1ADD065E005A8C97 /* Info.plist */ = {isa = PBXFileReference; lastKnownFileType = text.plist.xml; path = Info.plist; sourceTree = "<group>"; };
		E6518BEC1ADD065E005A8C97 /* AppDelegate.swift */ = {isa = PBXFileReference; lastKnownFileType = sourcecode.swift; path = AppDelegate.swift; sourceTree = "<group>"; };
		E6518BEE1ADD065E005A8C97 /* rootViewController.swift */ = {isa = PBXFileReference; lastKnownFileType = sourcecode.swift; path = rootViewController.swift; sourceTree = "<group>"; };
		E6518BF11ADD065E005A8C97 /* Base */ = {isa = PBXFileReference; lastKnownFileType = file.storyboard; name = Base; path = Base.lproj/Main.storyboard; sourceTree = "<group>"; };
		E6518BF31ADD065E005A8C97 /* Images.xcassets */ = {isa = PBXFileReference; lastKnownFileType = folder.assetcatalog; path = Images.xcassets; sourceTree = "<group>"; };
		E6518BF61ADD065E005A8C97 /* Base */ = {isa = PBXFileReference; lastKnownFileType = file.xib; name = Base; path = Base.lproj/LaunchScreen.xib; sourceTree = "<group>"; };
		E6518BFC1ADD065E005A8C97 /* mckuaiTests.xctest */ = {isa = PBXFileReference; explicitFileType = wrapper.cfbundle; includeInIndex = 0; path = mckuaiTests.xctest; sourceTree = BUILT_PRODUCTS_DIR; };
		E6518C011ADD065E005A8C97 /* Info.plist */ = {isa = PBXFileReference; lastKnownFileType = text.plist.xml; path = Info.plist; sourceTree = "<group>"; };
		E6518C021ADD065E005A8C97 /* mckuaiTests.swift */ = {isa = PBXFileReference; lastKnownFileType = sourcecode.swift; path = mckuaiTests.swift; sourceTree = "<group>"; };
		E68F46431AF13D37001DEA99 /* AmrDataConverter.h */ = {isa = PBXFileReference; fileEncoding = 4; lastKnownFileType = sourcecode.c.h; path = AmrDataConverter.h; sourceTree = "<group>"; };
		E68F46441AF13D37001DEA99 /* dec_if.h */ = {isa = PBXFileReference; fileEncoding = 4; lastKnownFileType = sourcecode.c.h; path = dec_if.h; sourceTree = "<group>"; };
		E68F46451AF13D37001DEA99 /* if_rom.h */ = {isa = PBXFileReference; fileEncoding = 4; lastKnownFileType = sourcecode.c.h; path = if_rom.h; sourceTree = "<group>"; };
		E68F46461AF13D37001DEA99 /* interf_dec.h */ = {isa = PBXFileReference; fileEncoding = 4; lastKnownFileType = sourcecode.c.h; path = interf_dec.h; sourceTree = "<group>"; };
		E68F46471AF13D37001DEA99 /* interf_enc.h */ = {isa = PBXFileReference; fileEncoding = 4; lastKnownFileType = sourcecode.c.h; path = interf_enc.h; sourceTree = "<group>"; };
		E68F46481AF13D37001DEA99 /* RCBasicViewController.h */ = {isa = PBXFileReference; fileEncoding = 4; lastKnownFileType = sourcecode.c.h; path = RCBasicViewController.h; sourceTree = "<group>"; };
		E68F46491AF13D37001DEA99 /* RCChatListViewController.h */ = {isa = PBXFileReference; fileEncoding = 4; lastKnownFileType = sourcecode.c.h; path = RCChatListViewController.h; sourceTree = "<group>"; };
		E68F464A1AF13D37001DEA99 /* RCChatSettingViewController.h */ = {isa = PBXFileReference; fileEncoding = 4; lastKnownFileType = sourcecode.c.h; path = RCChatSettingViewController.h; sourceTree = "<group>"; };
		E68F464B1AF13D37001DEA99 /* RCChatViewController.h */ = {isa = PBXFileReference; fileEncoding = 4; lastKnownFileType = sourcecode.c.h; path = RCChatViewController.h; sourceTree = "<group>"; };
		E68F464C1AF13D37001DEA99 /* RCClientDelegate.h */ = {isa = PBXFileReference; fileEncoding = 4; lastKnownFileType = sourcecode.c.h; path = RCClientDelegate.h; sourceTree = "<group>"; };
		E68F464D1AF13D37001DEA99 /* RCCommandNotificationMessage.h */ = {isa = PBXFileReference; fileEncoding = 4; lastKnownFileType = sourcecode.c.h; path = RCCommandNotificationMessage.h; sourceTree = "<group>"; };
		E68F464E1AF13D37001DEA99 /* RCContactNotificationMessage.h */ = {isa = PBXFileReference; fileEncoding = 4; lastKnownFileType = sourcecode.c.h; path = RCContactNotificationMessage.h; sourceTree = "<group>"; };
		E68F464F1AF13D37001DEA99 /* RCConversation.h */ = {isa = PBXFileReference; fileEncoding = 4; lastKnownFileType = sourcecode.c.h; path = RCConversation.h; sourceTree = "<group>"; };
		E68F46501AF13D37001DEA99 /* RCDiscussion.h */ = {isa = PBXFileReference; fileEncoding = 4; lastKnownFileType = sourcecode.c.h; path = RCDiscussion.h; sourceTree = "<group>"; };
		E68F46511AF13D37001DEA99 /* RCDiscussionNotification.h */ = {isa = PBXFileReference; fileEncoding = 4; lastKnownFileType = sourcecode.c.h; path = RCDiscussionNotification.h; sourceTree = "<group>"; };
		E68F46521AF13D37001DEA99 /* RCGroup.h */ = {isa = PBXFileReference; fileEncoding = 4; lastKnownFileType = sourcecode.c.h; path = RCGroup.h; sourceTree = "<group>"; };
		E68F46531AF13D37001DEA99 /* RCGroupListViewController.h */ = {isa = PBXFileReference; fileEncoding = 4; lastKnownFileType = sourcecode.c.h; path = RCGroupListViewController.h; sourceTree = "<group>"; };
		E68F46541AF13D37001DEA99 /* RCHandShakeMessage.h */ = {isa = PBXFileReference; fileEncoding = 4; lastKnownFileType = sourcecode.c.h; path = RCHandShakeMessage.h; sourceTree = "<group>"; };
		E68F46551AF13D37001DEA99 /* RCIM.h */ = {isa = PBXFileReference; fileEncoding = 4; lastKnownFileType = sourcecode.c.h; path = RCIM.h; sourceTree = "<group>"; };
		E68F46561AF13D37001DEA99 /* RCImageMessage.h */ = {isa = PBXFileReference; fileEncoding = 4; lastKnownFileType = sourcecode.c.h; path = RCImageMessage.h; sourceTree = "<group>"; };
		E68F46571AF13D37001DEA99 /* RCIMClient.h */ = {isa = PBXFileReference; fileEncoding = 4; lastKnownFileType = sourcecode.c.h; path = RCIMClient.h; sourceTree = "<group>"; };
		E68F46581AF13D37001DEA99 /* RCIMClientHeader.h */ = {isa = PBXFileReference; fileEncoding = 4; lastKnownFileType = sourcecode.c.h; path = RCIMClientHeader.h; sourceTree = "<group>"; };
		E68F46591AF13D37001DEA99 /* RCLocationMessage.h */ = {isa = PBXFileReference; fileEncoding = 4; lastKnownFileType = sourcecode.c.h; path = RCLocationMessage.h; sourceTree = "<group>"; };
		E68F465A1AF13D37001DEA99 /* RCLocationPickerViewController.h */ = {isa = PBXFileReference; fileEncoding = 4; lastKnownFileType = sourcecode.c.h; path = RCLocationPickerViewController.h; sourceTree = "<group>"; };
		E68F465B1AF13D37001DEA99 /* RCLocationViewController.h */ = {isa = PBXFileReference; fileEncoding = 4; lastKnownFileType = sourcecode.c.h; path = RCLocationViewController.h; sourceTree = "<group>"; };
		E68F465C1AF13D37001DEA99 /* RCMessage.h */ = {isa = PBXFileReference; fileEncoding = 4; lastKnownFileType = sourcecode.c.h; path = RCMessage.h; sourceTree = "<group>"; };
		E68F465D1AF13D37001DEA99 /* RCMessageContent.h */ = {isa = PBXFileReference; fileEncoding = 4; lastKnownFileType = sourcecode.c.h; path = RCMessageContent.h; sourceTree = "<group>"; };
		E68F465E1AF13D37001DEA99 /* RCNotificationMessage.h */ = {isa = PBXFileReference; fileEncoding = 4; lastKnownFileType = sourcecode.c.h; path = RCNotificationMessage.h; sourceTree = "<group>"; };
		E68F465F1AF13D37001DEA99 /* RCPreviewViewController.h */ = {isa = PBXFileReference; fileEncoding = 4; lastKnownFileType = sourcecode.c.h; path = RCPreviewViewController.h; sourceTree = "<group>"; };
		E68F46601AF13D37001DEA99 /* RCProfileNotificationMessage.h */ = {isa = PBXFileReference; fileEncoding = 4; lastKnownFileType = sourcecode.c.h; path = RCProfileNotificationMessage.h; sourceTree = "<group>"; };
		E68F46611AF13D37001DEA99 /* RCRenameViewController.h */ = {isa = PBXFileReference; fileEncoding = 4; lastKnownFileType = sourcecode.c.h; path = RCRenameViewController.h; sourceTree = "<group>"; };
		E68F46621AF13D37001DEA99 /* RCRichContentMessage.h */ = {isa = PBXFileReference; fileEncoding = 4; lastKnownFileType = sourcecode.c.h; path = RCRichContentMessage.h; sourceTree = "<group>"; };
		E68F46631AF13D37001DEA99 /* RCSelectPersonViewController.h */ = {isa = PBXFileReference; fileEncoding = 4; lastKnownFileType = sourcecode.c.h; path = RCSelectPersonViewController.h; sourceTree = "<group>"; };
		E68F46641AF13D37001DEA99 /* RCStatusDefine.h */ = {isa = PBXFileReference; fileEncoding = 4; lastKnownFileType = sourcecode.c.h; path = RCStatusDefine.h; sourceTree = "<group>"; };
		E68F46651AF13D37001DEA99 /* RCStatusMessage.h */ = {isa = PBXFileReference; fileEncoding = 4; lastKnownFileType = sourcecode.c.h; path = RCStatusMessage.h; sourceTree = "<group>"; };
		E68F46661AF13D37001DEA99 /* RCSuspendMessage.h */ = {isa = PBXFileReference; fileEncoding = 4; lastKnownFileType = sourcecode.c.h; path = RCSuspendMessage.h; sourceTree = "<group>"; };
		E68F46671AF13D37001DEA99 /* RCTextMessage.h */ = {isa = PBXFileReference; fileEncoding = 4; lastKnownFileType = sourcecode.c.h; path = RCTextMessage.h; sourceTree = "<group>"; };
		E68F46681AF13D37001DEA99 /* RCThemeDefine.h */ = {isa = PBXFileReference; fileEncoding = 4; lastKnownFileType = sourcecode.c.h; path = RCThemeDefine.h; sourceTree = "<group>"; };
		E68F46691AF13D37001DEA99 /* RCUserInfo.h */ = {isa = PBXFileReference; fileEncoding = 4; lastKnownFileType = sourcecode.c.h; path = RCUserInfo.h; sourceTree = "<group>"; };
		E68F466A1AF13D37001DEA99 /* RCVoiceMessage.h */ = {isa = PBXFileReference; fileEncoding = 4; lastKnownFileType = sourcecode.c.h; path = RCVoiceMessage.h; sourceTree = "<group>"; };
		E68F466B1AF13D37001DEA99 /* libiOS_IMKit_v1_4_6.a */ = {isa = PBXFileReference; lastKnownFileType = archive.ar; path = libiOS_IMKit_v1_4_6.a; sourceTree = "<group>"; };
		E68F466C1AF13D37001DEA99 /* RongCloud.bundle */ = {isa = PBXFileReference; lastKnownFileType = "wrapper.plug-in"; path = RongCloud.bundle; sourceTree = "<group>"; };
		E68F466F1AF13D5A001DEA99 /* AssetsLibrary.framework */ = {isa = PBXFileReference; lastKnownFileType = wrapper.framework; name = AssetsLibrary.framework; path = System/Library/Frameworks/AssetsLibrary.framework; sourceTree = SDKROOT; };
		E68F46711AF13E34001DEA99 /* AudioToolbox.framework */ = {isa = PBXFileReference; lastKnownFileType = wrapper.framework; name = AudioToolbox.framework; path = System/Library/Frameworks/AudioToolbox.framework; sourceTree = SDKROOT; };
		E68F46721AF13E34001DEA99 /* AVFoundation.framework */ = {isa = PBXFileReference; lastKnownFileType = wrapper.framework; name = AVFoundation.framework; path = System/Library/Frameworks/AVFoundation.framework; sourceTree = SDKROOT; };
		E68F46731AF13E34001DEA99 /* CFNetwork.framework */ = {isa = PBXFileReference; lastKnownFileType = wrapper.framework; name = CFNetwork.framework; path = System/Library/Frameworks/CFNetwork.framework; sourceTree = SDKROOT; };
		E68F46741AF13E34001DEA99 /* CoreAudio.framework */ = {isa = PBXFileReference; lastKnownFileType = wrapper.framework; name = CoreAudio.framework; path = System/Library/Frameworks/CoreAudio.framework; sourceTree = SDKROOT; };
		E68F46751AF13E34001DEA99 /* CoreLocation.framework */ = {isa = PBXFileReference; lastKnownFileType = wrapper.framework; name = CoreLocation.framework; path = System/Library/Frameworks/CoreLocation.framework; sourceTree = SDKROOT; };
		E68F46761AF13E34001DEA99 /* CoreMedia.framework */ = {isa = PBXFileReference; lastKnownFileType = wrapper.framework; name = CoreMedia.framework; path = System/Library/Frameworks/CoreMedia.framework; sourceTree = SDKROOT; };
		E68F46771AF13E34001DEA99 /* CoreVideo.framework */ = {isa = PBXFileReference; lastKnownFileType = wrapper.framework; name = CoreVideo.framework; path = System/Library/Frameworks/CoreVideo.framework; sourceTree = SDKROOT; };
		E68F46781AF13E34001DEA99 /* ImageIO.framework */ = {isa = PBXFileReference; lastKnownFileType = wrapper.framework; name = ImageIO.framework; path = System/Library/Frameworks/ImageIO.framework; sourceTree = SDKROOT; };
		E68F46791AF13E34001DEA99 /* libc++.dylib */ = {isa = PBXFileReference; lastKnownFileType = "compiled.mach-o.dylib"; name = "libc++.dylib"; path = "usr/lib/libc++.dylib"; sourceTree = SDKROOT; };
		E68F467A1AF13E34001DEA99 /* libc++abi.dylib */ = {isa = PBXFileReference; lastKnownFileType = "compiled.mach-o.dylib"; name = "libc++abi.dylib"; path = "usr/lib/libc++abi.dylib"; sourceTree = SDKROOT; };
		E68F467B1AF13E34001DEA99 /* libxml2.dylib */ = {isa = PBXFileReference; lastKnownFileType = "compiled.mach-o.dylib"; name = libxml2.dylib; path = usr/lib/libxml2.dylib; sourceTree = SDKROOT; };
		E68F467C1AF13E34001DEA99 /* MapKit.framework */ = {isa = PBXFileReference; lastKnownFileType = wrapper.framework; name = MapKit.framework; path = System/Library/Frameworks/MapKit.framework; sourceTree = SDKROOT; };
		E68F467D1AF13E34001DEA99 /* OpenGLES.framework */ = {isa = PBXFileReference; lastKnownFileType = wrapper.framework; name = OpenGLES.framework; path = System/Library/Frameworks/OpenGLES.framework; sourceTree = SDKROOT; };
		E68F467E1AF13E34001DEA99 /* QuartzCore.framework */ = {isa = PBXFileReference; lastKnownFileType = wrapper.framework; name = QuartzCore.framework; path = System/Library/Frameworks/QuartzCore.framework; sourceTree = SDKROOT; };
		E68F467F1AF13E34001DEA99 /* UIKit.framework */ = {isa = PBXFileReference; lastKnownFileType = wrapper.framework; name = UIKit.framework; path = System/Library/Frameworks/UIKit.framework; sourceTree = SDKROOT; };
		E692AA411AE8D0FC00577B3C /* mineHeadViewController.swift */ = {isa = PBXFileReference; fileEncoding = 4; lastKnownFileType = sourcecode.swift; name = mineHeadViewController.swift; path = mine/mineHeadViewController.swift; sourceTree = "<group>"; };
		E692AA491AE962AC00577B3C /* SwiftColors.swift */ = {isa = PBXFileReference; fileEncoding = 4; lastKnownFileType = sourcecode.swift; name = SwiftColors.swift; path = ThirdParty/SwiftColors.swift; sourceTree = "<group>"; };
		E692AA4B1AE9E43E00577B3C /* messageCell.swift */ = {isa = PBXFileReference; fileEncoding = 4; lastKnownFileType = sourcecode.swift; name = messageCell.swift; path = mine/messageCell.swift; sourceTree = "<group>"; };
		E692AA4C1AE9E43E00577B3C /* messageCell.xib */ = {isa = PBXFileReference; fileEncoding = 4; lastKnownFileType = file.xib; name = messageCell.xib; path = mine/messageCell.xib; sourceTree = "<group>"; };
		E692AA521AE9FA9E00577B3C /* UILabel+DynamicHeight.m */ = {isa = PBXFileReference; fileEncoding = 4; lastKnownFileType = sourcecode.c.objc; name = "UILabel+DynamicHeight.m"; path = "ThirdParty/UILabel+DynamicHeight.m"; sourceTree = "<group>"; };
		E692AA541AE9FAF300577B3C /* UILabel+DynamicHeight.h */ = {isa = PBXFileReference; lastKnownFileType = sourcecode.c.h; name = "UILabel+DynamicHeight.h"; path = "ThirdParty/UILabel+DynamicHeight.h"; sourceTree = "<group>"; };
		E692AA571AEA477A00577B3C /* HMSegmentedControl.h */ = {isa = PBXFileReference; fileEncoding = 4; lastKnownFileType = sourcecode.c.h; path = HMSegmentedControl.h; sourceTree = "<group>"; };
		E692AA581AEA477A00577B3C /* HMSegmentedControl.m */ = {isa = PBXFileReference; fileEncoding = 4; lastKnownFileType = sourcecode.c.objc; path = HMSegmentedControl.m; sourceTree = "<group>"; };
		E696E5231AE7829000261F57 /* mainHeaderViewController.swift */ = {isa = PBXFileReference; fileEncoding = 4; lastKnownFileType = sourcecode.swift; name = mainHeaderViewController.swift; path = main/mainHeaderViewController.swift; sourceTree = "<group>"; };
		E696E5281AE7920800261F57 /* MFRoundProgressView.swift */ = {isa = PBXFileReference; fileEncoding = 4; lastKnownFileType = sourcecode.swift; name = MFRoundProgressView.swift; path = ThirdParty/MFRoundProgressView/MFRoundProgressView.swift; sourceTree = "<group>"; };
		E696E5601AE7F88100261F57 /* citydict.plist */ = {isa = PBXFileReference; fileEncoding = 4; lastKnownFileType = text.plist.xml; name = citydict.plist; path = main/citydict.plist; sourceTree = "<group>"; };
		E696E5611AE7F88100261F57 /* cityListViewController.swift */ = {isa = PBXFileReference; fileEncoding = 4; lastKnownFileType = sourcecode.swift; name = cityListViewController.swift; path = main/cityListViewController.swift; sourceTree = "<group>"; };
		E6B204381AE69E4C00EB11B4 /* mainSubCell.swift */ = {isa = PBXFileReference; fileEncoding = 4; lastKnownFileType = sourcecode.swift; name = mainSubCell.swift; path = main/mainSubCell.swift; sourceTree = "<group>"; };
		E6B204391AE69E4C00EB11B4 /* mainSubCell.xib */ = {isa = PBXFileReference; fileEncoding = 4; lastKnownFileType = file.xib; name = mainSubCell.xib; path = main/mainSubCell.xib; sourceTree = "<group>"; };
		E6B2043F1AE6A56000EB11B4 /* live.storyboard */ = {isa = PBXFileReference; fileEncoding = 4; lastKnownFileType = file.storyboard; name = live.storyboard; path = live/live.storyboard; sourceTree = "<group>"; };
		E6B204411AE6A63C00EB11B4 /* chat.storyboard */ = {isa = PBXFileReference; fileEncoding = 4; lastKnownFileType = file.storyboard; name = chat.storyboard; path = chat/chat.storyboard; sourceTree = "<group>"; };
		E6B204431AE6A66300EB11B4 /* chatViewController.swift */ = {isa = PBXFileReference; fileEncoding = 4; lastKnownFileType = sourcecode.swift; name = chatViewController.swift; path = chat/chatViewController.swift; sourceTree = "<group>"; };
		E6B204451AE6A73100EB11B4 /* community.storyboard */ = {isa = PBXFileReference; fileEncoding = 4; lastKnownFileType = file.storyboard; name = community.storyboard; path = community/community.storyboard; sourceTree = "<group>"; };
		E6B204471AE6A74A00EB11B4 /* communityViewController.swift */ = {isa = PBXFileReference; fileEncoding = 4; lastKnownFileType = sourcecode.swift; name = communityViewController.swift; path = community/communityViewController.swift; sourceTree = "<group>"; };
		E6B4FA961ADD07C900664D6C /* mckuai-Bridging-Header.h */ = {isa = PBXFileReference; lastKnownFileType = sourcecode.c.h; path = "mckuai-Bridging-Header.h"; sourceTree = "<group>"; };
		E6B7175D1ADECE1D00684E83 /* mainViewController.swift */ = {isa = PBXFileReference; fileEncoding = 4; lastKnownFileType = sourcecode.swift; path = mainViewController.swift; sourceTree = "<group>"; };
		E6B7175F1ADECE7400684E83 /* liveViewController.swift */ = {isa = PBXFileReference; fileEncoding = 4; lastKnownFileType = sourcecode.swift; path = liveViewController.swift; sourceTree = "<group>"; };
		E6B717611ADED22D00684E83 /* leftMenuViewController.swift */ = {isa = PBXFileReference; fileEncoding = 4; lastKnownFileType = sourcecode.swift; path = leftMenuViewController.swift; sourceTree = "<group>"; };
		E6BF85941AF12BE1005F08B2 /* TencentOpenApi_IOS_Bundle.bundle */ = {isa = PBXFileReference; lastKnownFileType = "wrapper.plug-in"; path = TencentOpenApi_IOS_Bundle.bundle; sourceTree = "<group>"; };
		E6BF85951AF12BE1005F08B2 /* TencentOpenAPI.framework */ = {isa = PBXFileReference; lastKnownFileType = wrapper.framework; path = TencentOpenAPI.framework; sourceTree = "<group>"; };
		E6BF85991AF12CB0005F08B2 /* ShareUtil.swift */ = {isa = PBXFileReference; fileEncoding = 4; lastKnownFileType = sourcecode.swift; path = ShareUtil.swift; sourceTree = "<group>"; };
		E6BF859A1AF12CB0005F08B2 /* UserLogin.storyboard */ = {isa = PBXFileReference; fileEncoding = 4; lastKnownFileType = file.storyboard; path = UserLogin.storyboard; sourceTree = "<group>"; };
		E6BF859B1AF12CB0005F08B2 /* UserLogin.swift */ = {isa = PBXFileReference; fileEncoding = 4; lastKnownFileType = sourcecode.swift; path = UserLogin.swift; sourceTree = "<group>"; };
		E6BF859C1AF12CB0005F08B2 /* UserRegister.storyboard */ = {isa = PBXFileReference; fileEncoding = 4; lastKnownFileType = file.storyboard; path = UserRegister.storyboard; sourceTree = "<group>"; };
		E6BF859D1AF12CB0005F08B2 /* UserRegister.swift */ = {isa = PBXFileReference; fileEncoding = 4; lastKnownFileType = sourcecode.swift; path = UserRegister.swift; sourceTree = "<group>"; };
		E6BF85A41AF12DA9005F08B2 /* libSocialQQ.a */ = {isa = PBXFileReference; lastKnownFileType = archive.ar; path = libSocialQQ.a; sourceTree = "<group>"; };
		E6BF85A51AF12DA9005F08B2 /* TencentOpenAPI.framework */ = {isa = PBXFileReference; lastKnownFileType = wrapper.framework; path = TencentOpenAPI.framework; sourceTree = "<group>"; };
		E6BF85A61AF12DA9005F08B2 /* TencentOpenApi_IOS_Bundle.bundle */ = {isa = PBXFileReference; lastKnownFileType = "wrapper.plug-in"; path = TencentOpenApi_IOS_Bundle.bundle; sourceTree = "<group>"; };
		E6BF85A71AF12DA9005F08B2 /* UMSocialQQHandler.h */ = {isa = PBXFileReference; fileEncoding = 4; lastKnownFileType = sourcecode.c.h; path = UMSocialQQHandler.h; sourceTree = "<group>"; };
		E6BF85AA1AF12DA9005F08B2 /* en */ = {isa = PBXFileReference; lastKnownFileType = text.plist.strings; name = en; path = en.lproj/UMSocialLocalizable.strings; sourceTree = "<group>"; };
		E6BF85AC1AF12DA9005F08B2 /* UMSocial.h */ = {isa = PBXFileReference; fileEncoding = 4; lastKnownFileType = sourcecode.c.h; path = UMSocial.h; sourceTree = "<group>"; };
		E6BF85AD1AF12DA9005F08B2 /* UMSocialAccountManager.h */ = {isa = PBXFileReference; fileEncoding = 4; lastKnownFileType = sourcecode.c.h; path = UMSocialAccountManager.h; sourceTree = "<group>"; };
		E6BF85AE1AF12DA9005F08B2 /* UMSocialBar.h */ = {isa = PBXFileReference; fileEncoding = 4; lastKnownFileType = sourcecode.c.h; path = UMSocialBar.h; sourceTree = "<group>"; };
		E6BF85AF1AF12DA9005F08B2 /* UMSocialConfig.h */ = {isa = PBXFileReference; fileEncoding = 4; lastKnownFileType = sourcecode.c.h; path = UMSocialConfig.h; sourceTree = "<group>"; };
		E6BF85B01AF12DA9005F08B2 /* UMSocialControllerService.h */ = {isa = PBXFileReference; fileEncoding = 4; lastKnownFileType = sourcecode.c.h; path = UMSocialControllerService.h; sourceTree = "<group>"; };
		E6BF85B11AF12DA9005F08B2 /* UMSocialControllerServiceComment.h */ = {isa = PBXFileReference; fileEncoding = 4; lastKnownFileType = sourcecode.c.h; path = UMSocialControllerServiceComment.h; sourceTree = "<group>"; };
		E6BF85B21AF12DA9005F08B2 /* UMSocialData.h */ = {isa = PBXFileReference; fileEncoding = 4; lastKnownFileType = sourcecode.c.h; path = UMSocialData.h; sourceTree = "<group>"; };
		E6BF85B31AF12DA9005F08B2 /* UMSocialDataService.h */ = {isa = PBXFileReference; fileEncoding = 4; lastKnownFileType = sourcecode.c.h; path = UMSocialDataService.h; sourceTree = "<group>"; };
		E6BF85B41AF12DA9005F08B2 /* UMSocialSnsData.h */ = {isa = PBXFileReference; fileEncoding = 4; lastKnownFileType = sourcecode.c.h; path = UMSocialSnsData.h; sourceTree = "<group>"; };
		E6BF85B51AF12DA9005F08B2 /* UMSocialSnsPlatformManager.h */ = {isa = PBXFileReference; fileEncoding = 4; lastKnownFileType = sourcecode.c.h; path = UMSocialSnsPlatformManager.h; sourceTree = "<group>"; };
		E6BF85B61AF12DA9005F08B2 /* UMSocialSnsService.h */ = {isa = PBXFileReference; fileEncoding = 4; lastKnownFileType = sourcecode.c.h; path = UMSocialSnsService.h; sourceTree = "<group>"; };
		E6BF85B71AF12DA9005F08B2 /* libUMSocial_Sdk_4.2.1.a */ = {isa = PBXFileReference; lastKnownFileType = archive.ar; path = libUMSocial_Sdk_4.2.1.a; sourceTree = "<group>"; };
		E6BF85B91AF12DA9005F08B2 /* UMSCommentDetailController.xib */ = {isa = PBXFileReference; fileEncoding = 4; lastKnownFileType = file.xib; path = UMSCommentDetailController.xib; sourceTree = "<group>"; };
		E6BF85BA1AF12DA9005F08B2 /* UMSCommentInputController.xib */ = {isa = PBXFileReference; fileEncoding = 4; lastKnownFileType = file.xib; path = UMSCommentInputController.xib; sourceTree = "<group>"; };
		E6BF85BB1AF12DA9005F08B2 /* UMSCommentInputControlleriPad.xib */ = {isa = PBXFileReference; fileEncoding = 4; lastKnownFileType = file.xib; path = UMSCommentInputControlleriPad.xib; sourceTree = "<group>"; };
		E6BF85BC1AF12DA9005F08B2 /* UMShareEditViewController.xib */ = {isa = PBXFileReference; fileEncoding = 4; lastKnownFileType = file.xib; path = UMShareEditViewController.xib; sourceTree = "<group>"; };
		E6BF85BD1AF12DA9005F08B2 /* UMShareEditViewControlleriPad.xib */ = {isa = PBXFileReference; fileEncoding = 4; lastKnownFileType = file.xib; path = UMShareEditViewControlleriPad.xib; sourceTree = "<group>"; };
		E6BF85BE1AF12DA9005F08B2 /* UMSLoginViewController.xib */ = {isa = PBXFileReference; fileEncoding = 4; lastKnownFileType = file.xib; path = UMSLoginViewController.xib; sourceTree = "<group>"; };
		E6BF85BF1AF12DA9005F08B2 /* UMSnsAccountViewController.xib */ = {isa = PBXFileReference; fileEncoding = 4; lastKnownFileType = file.xib; path = UMSnsAccountViewController.xib; sourceTree = "<group>"; };
		E6BF85C01AF12DA9005F08B2 /* UMSShareListController.xib */ = {isa = PBXFileReference; fileEncoding = 4; lastKnownFileType = file.xib; path = UMSShareListController.xib; sourceTree = "<group>"; };
		E6BF85C11AF12DA9005F08B2 /* UMSocialSDKResourcesNew.bundle */ = {isa = PBXFileReference; lastKnownFileType = "wrapper.plug-in"; path = UMSocialSDKResourcesNew.bundle; sourceTree = "<group>"; };
		E6BF85C21AF12DA9005F08B2 /* zh-Hans */ = {isa = PBXFileReference; lastKnownFileType = text.plist.strings; name = "zh-Hans"; path = "zh-Hans.lproj/UMSocialLocalizable.strings"; sourceTree = "<group>"; };
		E6BF85C41AF12DA9005F08B2 /* libSocialWechat.a */ = {isa = PBXFileReference; lastKnownFileType = archive.ar; path = libSocialWechat.a; sourceTree = "<group>"; };
		E6BF85C51AF12DA9005F08B2 /* libWeChatSDK.a */ = {isa = PBXFileReference; lastKnownFileType = archive.ar; path = libWeChatSDK.a; sourceTree = "<group>"; };
		E6BF85C61AF12DA9005F08B2 /* UMSocialWechatHandler.h */ = {isa = PBXFileReference; fileEncoding = 4; lastKnownFileType = sourcecode.c.h; path = UMSocialWechatHandler.h; sourceTree = "<group>"; };
		E6BF85C71AF12DA9005F08B2 /* WXApi.h */ = {isa = PBXFileReference; fileEncoding = 4; lastKnownFileType = sourcecode.c.h; path = WXApi.h; sourceTree = "<group>"; };
		E6BF85C81AF12DA9005F08B2 /* WXApiObject.h */ = {isa = PBXFileReference; fileEncoding = 4; lastKnownFileType = sourcecode.c.h; path = WXApiObject.h; sourceTree = "<group>"; };
		E6BF85DA1AF12DC4005F08B2 /* CommonMacro.h */ = {isa = PBXFileReference; fileEncoding = 4; lastKnownFileType = sourcecode.c.h; path = CommonMacro.h; sourceTree = "<group>"; };
		E6BF85DB1AF12DC4005F08B2 /* SCNavTabBar.h */ = {isa = PBXFileReference; fileEncoding = 4; lastKnownFileType = sourcecode.c.h; path = SCNavTabBar.h; sourceTree = "<group>"; };
		E6BF85DC1AF12DC4005F08B2 /* SCNavTabBar.m */ = {isa = PBXFileReference; fileEncoding = 4; lastKnownFileType = sourcecode.c.objc; path = SCNavTabBar.m; sourceTree = "<group>"; };
		E6BF85DD1AF12DC4005F08B2 /* SCNavTabBarController.h */ = {isa = PBXFileReference; fileEncoding = 4; lastKnownFileType = sourcecode.c.h; path = SCNavTabBarController.h; sourceTree = "<group>"; };
		E6BF85DE1AF12DC4005F08B2 /* SCNavTabBarController.m */ = {isa = PBXFileReference; fileEncoding = 4; lastKnownFileType = sourcecode.c.objc; path = SCNavTabBarController.m; sourceTree = "<group>"; };
		E6BF85DF1AF12DC4005F08B2 /* SCPopView.h */ = {isa = PBXFileReference; fileEncoding = 4; lastKnownFileType = sourcecode.c.h; path = SCPopView.h; sourceTree = "<group>"; };
		E6BF85E01AF12DC4005F08B2 /* SCPopView.m */ = {isa = PBXFileReference; fileEncoding = 4; lastKnownFileType = sourcecode.c.objc; path = SCPopView.m; sourceTree = "<group>"; };
		E6BF85E11AF12DC4005F08B2 /* SJAvatarBrowser.h */ = {isa = PBXFileReference; fileEncoding = 4; lastKnownFileType = sourcecode.c.h; path = SJAvatarBrowser.h; sourceTree = "<group>"; };
		E6BF85E21AF12DC4005F08B2 /* SJAvatarBrowser.m */ = {isa = PBXFileReference; fileEncoding = 4; lastKnownFileType = sourcecode.c.objc; path = SJAvatarBrowser.m; sourceTree = "<group>"; };
		E6BF85E71AF12E33005F08B2 /* TalkDetail.storyboard */ = {isa = PBXFileReference; fileEncoding = 4; lastKnownFileType = file.storyboard; path = TalkDetail.storyboard; sourceTree = "<group>"; };
		E6BF85E81AF12E33005F08B2 /* TalkDetail.swift */ = {isa = PBXFileReference; fileEncoding = 4; lastKnownFileType = sourcecode.swift; path = TalkDetail.swift; sourceTree = "<group>"; };
		E6BF85E91AF12E33005F08B2 /* TalkList.storyboard */ = {isa = PBXFileReference; fileEncoding = 4; lastKnownFileType = file.storyboard; path = TalkList.storyboard; sourceTree = "<group>"; };
		E6BF85EA1AF12E33005F08B2 /* TalkList.swift */ = {isa = PBXFileReference; fileEncoding = 4; lastKnownFileType = sourcecode.swift; path = TalkList.swift; sourceTree = "<group>"; };
		E6BF85EF1AF12F91005F08B2 /* libMobClickLibrary.a */ = {isa = PBXFileReference; lastKnownFileType = archive.ar; path = libMobClickLibrary.a; sourceTree = "<group>"; };
		E6BF85F01AF12F91005F08B2 /* MobClick.h */ = {isa = PBXFileReference; fileEncoding = 4; lastKnownFileType = sourcecode.c.h; path = MobClick.h; sourceTree = "<group>"; };
		E6BF85F21AF1313C005F08B2 /* libz.dylib */ = {isa = PBXFileReference; lastKnownFileType = "compiled.mach-o.dylib"; name = libz.dylib; path = usr/lib/libz.dylib; sourceTree = SDKROOT; };
		E6BF85F41AF13171005F08B2 /* libstdc++.dylib */ = {isa = PBXFileReference; lastKnownFileType = "compiled.mach-o.dylib"; name = "libstdc++.dylib"; path = "usr/lib/libstdc++.dylib"; sourceTree = SDKROOT; };
		E6BF85F61AF131B4005F08B2 /* CoreTelephony.framework */ = {isa = PBXFileReference; lastKnownFileType = wrapper.framework; name = CoreTelephony.framework; path = System/Library/Frameworks/CoreTelephony.framework; sourceTree = SDKROOT; };
		E6BF85F81AF131C8005F08B2 /* libsqlite3.dylib */ = {isa = PBXFileReference; lastKnownFileType = "compiled.mach-o.dylib"; name = libsqlite3.dylib; path = usr/lib/libsqlite3.dylib; sourceTree = SDKROOT; };
		E6BF85FA1AF13216005F08B2 /* CoreGraphics.framework */ = {isa = PBXFileReference; lastKnownFileType = wrapper.framework; name = CoreGraphics.framework; path = System/Library/Frameworks/CoreGraphics.framework; sourceTree = SDKROOT; };
		E6BF85FC1AF13229005F08B2 /* SystemConfiguration.framework */ = {isa = PBXFileReference; lastKnownFileType = wrapper.framework; name = SystemConfiguration.framework; path = System/Library/Frameworks/SystemConfiguration.framework; sourceTree = SDKROOT; };
		E6BF85FE1AF13238005F08B2 /* libiconv.dylib */ = {isa = PBXFileReference; lastKnownFileType = "compiled.mach-o.dylib"; name = libiconv.dylib; path = usr/lib/libiconv.dylib; sourceTree = SDKROOT; };
		E6BF86001AF13245005F08B2 /* Security.framework */ = {isa = PBXFileReference; lastKnownFileType = wrapper.framework; name = Security.framework; path = System/Library/Frameworks/Security.framework; sourceTree = SDKROOT; };
		E6D2C36A1AE1111500FF823E /* home.storyboard */ = {isa = PBXFileReference; fileEncoding = 4; lastKnownFileType = file.storyboard; name = home.storyboard; path = main/home.storyboard; sourceTree = "<group>"; };
		E6DDF4921AEB9D0500339E75 /* MCUtils.swift */ = {isa = PBXFileReference; fileEncoding = 4; lastKnownFileType = sourcecode.swift; path = MCUtils.swift; sourceTree = "<group>"; };
		E6DDF49A1AEBBC6800339E75 /* Launch.storyboard */ = {isa = PBXFileReference; fileEncoding = 4; lastKnownFileType = file.storyboard; path = Launch.storyboard; sourceTree = "<group>"; };
		E6DDF49B1AEBBC6800339E75 /* WelcomePlus.swift */ = {isa = PBXFileReference; fileEncoding = 4; lastKnownFileType = sourcecode.swift; path = WelcomePlus.swift; sourceTree = "<group>"; };
		E6DDF4A31AEF364A00339E75 /* backpackerViewController.swift */ = {isa = PBXFileReference; fileEncoding = 4; lastKnownFileType = sourcecode.swift; name = backpackerViewController.swift; path = backpacker/backpackerViewController.swift; sourceTree = "<group>"; };
		E6DDF4A61AEF3B0700339E75 /* favoriteViewController.swift */ = {isa = PBXFileReference; fileEncoding = 4; lastKnownFileType = sourcecode.swift; name = favoriteViewController.swift; path = backpacker/favoriteViewController.swift; sourceTree = "<group>"; };
		E6DDF4AA1AEF662400339E75 /* CollectionCell.swift */ = {isa = PBXFileReference; fileEncoding = 4; lastKnownFileType = sourcecode.swift; name = CollectionCell.swift; path = backpacker/CollectionCell.swift; sourceTree = "<group>"; };
		E6DDF4B01AEF7A7E00339E75 /* friendsViewController.swift */ = {isa = PBXFileReference; fileEncoding = 4; lastKnownFileType = sourcecode.swift; name = friendsViewController.swift; path = backpacker/friendsViewController.swift; sourceTree = "<group>"; };
		E6DDF4B21AEF7C1000339E75 /* friends.storyboard */ = {isa = PBXFileReference; fileEncoding = 4; lastKnownFileType = file.storyboard; name = friends.storyboard; path = backpacker/friends.storyboard; sourceTree = "<group>"; };
		E6DDF4BB1AF0824500339E75 /* other.storyboard */ = {isa = PBXFileReference; fileEncoding = 4; lastKnownFileType = file.storyboard; name = other.storyboard; path = otherzone/other.storyboard; sourceTree = "<group>"; };
		E6DDF4BE1AF0829000339E75 /* otherViewController.swift */ = {isa = PBXFileReference; fileEncoding = 4; lastKnownFileType = sourcecode.swift; name = otherViewController.swift; path = otherzone/otherViewController.swift; sourceTree = "<group>"; };
		E6DDF4C01AF082EA00339E75 /* otherHeadViewController.swift */ = {isa = PBXFileReference; fileEncoding = 4; lastKnownFileType = sourcecode.swift; name = otherHeadViewController.swift; path = otherzone/otherHeadViewController.swift; sourceTree = "<group>"; };
/* End PBXFileReference section */

/* Begin PBXFrameworksBuildPhase section */
		E6518BE41ADD065E005A8C97 /* Frameworks */ = {
			isa = PBXFrameworksBuildPhase;
			buildActionMask = 2147483647;
			files = (
				E68F46801AF13E34001DEA99 /* AudioToolbox.framework in Frameworks */,
				E68F46811AF13E34001DEA99 /* AVFoundation.framework in Frameworks */,
				E68F46821AF13E34001DEA99 /* CFNetwork.framework in Frameworks */,
				E68F46831AF13E34001DEA99 /* CoreAudio.framework in Frameworks */,
				E68F46841AF13E34001DEA99 /* CoreLocation.framework in Frameworks */,
				E68F46851AF13E34001DEA99 /* CoreMedia.framework in Frameworks */,
				E68F46861AF13E34001DEA99 /* CoreVideo.framework in Frameworks */,
				E68F46871AF13E34001DEA99 /* ImageIO.framework in Frameworks */,
				E68F46881AF13E34001DEA99 /* libc++.dylib in Frameworks */,
				E68F46891AF13E34001DEA99 /* libc++abi.dylib in Frameworks */,
				E68F468A1AF13E34001DEA99 /* libxml2.dylib in Frameworks */,
				E68F468B1AF13E34001DEA99 /* MapKit.framework in Frameworks */,
				E68F468C1AF13E34001DEA99 /* OpenGLES.framework in Frameworks */,
				E68F468D1AF13E34001DEA99 /* QuartzCore.framework in Frameworks */,
				E68F468E1AF13E34001DEA99 /* UIKit.framework in Frameworks */,
				E6BF85F71AF131B4005F08B2 /* CoreTelephony.framework in Frameworks */,
				E6BF85F91AF131C8005F08B2 /* libsqlite3.dylib in Frameworks */,
				E6BF85F51AF13171005F08B2 /* libstdc++.dylib in Frameworks */,
				E6BF85F31AF1313C005F08B2 /* libz.dylib in Frameworks */,
				E6BF85FD1AF13229005F08B2 /* SystemConfiguration.framework in Frameworks */,
				E68F46701AF13D5A001DEA99 /* AssetsLibrary.framework in Frameworks */,
				E6BF86011AF13245005F08B2 /* Security.framework in Frameworks */,
				E6BF85FF1AF13238005F08B2 /* libiconv.dylib in Frameworks */,
				E6BF85FB1AF13216005F08B2 /* CoreGraphics.framework in Frameworks */,
				E6BF85D81AF12DA9005F08B2 /* libWeChatSDK.a in Frameworks */,
				E6BF85C91AF12DA9005F08B2 /* libSocialQQ.a in Frameworks */,
				E68F466D1AF13D37001DEA99 /* libiOS_IMKit_v1_4_6.a in Frameworks */,
				E6BF85CD1AF12DA9005F08B2 /* libUMSocial_Sdk_4.2.1.a in Frameworks */,
				E6BF85F11AF12F91005F08B2 /* libMobClickLibrary.a in Frameworks */,
				E6BF85CA1AF12DA9005F08B2 /* TencentOpenAPI.framework in Frameworks */,
				D504800773B98F3939335BA1 /* libPods-mckuai.a in Frameworks */,
				E6BF85D71AF12DA9005F08B2 /* libSocialWechat.a in Frameworks */,
				E6BF85971AF12BE1005F08B2 /* TencentOpenAPI.framework in Frameworks */,
			);
			runOnlyForDeploymentPostprocessing = 0;
		};
		E6518BF91ADD065E005A8C97 /* Frameworks */ = {
			isa = PBXFrameworksBuildPhase;
			buildActionMask = 2147483647;
			files = (
			);
			runOnlyForDeploymentPostprocessing = 0;
		};
/* End PBXFrameworksBuildPhase section */

/* Begin PBXGroup section */
		49F775DDCD27442A7B7C0CDE /* Pods */ = {
			isa = PBXGroup;
			children = (
				01A338F1C539FF6B80886F4A /* Pods-mckuai.debug.xcconfig */,
				122493CA7CAEC4ECF51B2D3E /* Pods-mckuai.release.xcconfig */,
			);
			name = Pods;
			sourceTree = "<group>";
		};
		ADCC6B6270AA7D80466DDA55 /* Frameworks */ = {
			isa = PBXGroup;
			children = (
				E68F46711AF13E34001DEA99 /* AudioToolbox.framework */,
				E68F46721AF13E34001DEA99 /* AVFoundation.framework */,
				E68F46731AF13E34001DEA99 /* CFNetwork.framework */,
				E68F46741AF13E34001DEA99 /* CoreAudio.framework */,
				E68F46751AF13E34001DEA99 /* CoreLocation.framework */,
				E68F46761AF13E34001DEA99 /* CoreMedia.framework */,
				E68F46771AF13E34001DEA99 /* CoreVideo.framework */,
				E68F46781AF13E34001DEA99 /* ImageIO.framework */,
				E68F46791AF13E34001DEA99 /* libc++.dylib */,
				E68F467A1AF13E34001DEA99 /* libc++abi.dylib */,
				E68F467B1AF13E34001DEA99 /* libxml2.dylib */,
				E68F467C1AF13E34001DEA99 /* MapKit.framework */,
				E68F467D1AF13E34001DEA99 /* OpenGLES.framework */,
				E68F467E1AF13E34001DEA99 /* QuartzCore.framework */,
				E68F467F1AF13E34001DEA99 /* UIKit.framework */,
				E68F466F1AF13D5A001DEA99 /* AssetsLibrary.framework */,
				E6BF86001AF13245005F08B2 /* Security.framework */,
				E6BF85FE1AF13238005F08B2 /* libiconv.dylib */,
				E6BF85FC1AF13229005F08B2 /* SystemConfiguration.framework */,
				E6BF85FA1AF13216005F08B2 /* CoreGraphics.framework */,
				E6BF85F81AF131C8005F08B2 /* libsqlite3.dylib */,
				E6BF85F61AF131B4005F08B2 /* CoreTelephony.framework */,
				E6BF85F41AF13171005F08B2 /* libstdc++.dylib */,
				E6BF85F21AF1313C005F08B2 /* libz.dylib */,
				C803131B3C815A90D93EFEED /* libPods-mckuai.a */,
			);
			name = Frameworks;
			sourceTree = "<group>";
		};
		E603D6491ADE668D00D93708 /* SABlurImageView */ = {
			isa = PBXGroup;
			children = (
				E603D6471ADE664900D93708 /* SABlurImageView.swift */,
				E603D64A1ADE66BF00D93708 /* UIImage+BlurEffect.swift */,
			);
			name = SABlurImageView;
			sourceTree = "<group>";
		};
		E63DA5051AE6AC8D001D7811 /* mine */ = {
			isa = PBXGroup;
			children = (
				E63DA5061AE6ACA6001D7811 /* mine.storyboard */,
				E63DA5081AE6AD27001D7811 /* mineTableViewController.swift */,
				E692AA411AE8D0FC00577B3C /* mineHeadViewController.swift */,
				E692AA4B1AE9E43E00577B3C /* messageCell.swift */,
				E692AA4C1AE9E43E00577B3C /* messageCell.xib */,
			);
			name = mine;
			sourceTree = "<group>";
		};
		E63DA50A1AE6B9A7001D7811 /* LTNavigatioinBar */ = {
			isa = PBXGroup;
			children = (
				E63DA50B1AE6B9C7001D7811 /* UINavigationBar+Awesome.h */,
				E63DA50C1AE6B9C7001D7811 /* UINavigationBar+Awesome.m */,
			);
			name = LTNavigatioinBar;
			sourceTree = "<group>";
		};
		E6518BDE1ADD065E005A8C97 = {
			isa = PBXGroup;
			children = (
				E68F46421AF13D37001DEA99 /* Headers */,
				E68F466B1AF13D37001DEA99 /* libiOS_IMKit_v1_4_6.a */,
				E68F466C1AF13D37001DEA99 /* RongCloud.bundle */,
				E6BF85941AF12BE1005F08B2 /* TencentOpenApi_IOS_Bundle.bundle */,
				E6BF85951AF12BE1005F08B2 /* TencentOpenAPI.framework */,
				E6518BE91ADD065E005A8C97 /* mckuai */,
				E6518BFF1ADD065E005A8C97 /* mckuaiTests */,
				E6518BE81ADD065E005A8C97 /* Products */,
				49F775DDCD27442A7B7C0CDE /* Pods */,
				ADCC6B6270AA7D80466DDA55 /* Frameworks */,
			);
			sourceTree = "<group>";
		};
		E6518BE81ADD065E005A8C97 /* Products */ = {
			isa = PBXGroup;
			children = (
				E6518BE71ADD065E005A8C97 /* mckuai.app */,
				E6518BFC1ADD065E005A8C97 /* mckuaiTests.xctest */,
			);
			name = Products;
			sourceTree = "<group>";
		};
		E6518BE91ADD065E005A8C97 /* mckuai */ = {
			isa = PBXGroup;
			children = (
				E6BF85A31AF12DA9005F08B2 /* TencentOpenAPI */,
				E6BF85A81AF12DA9005F08B2 /* UMSocial_Sdk_4.2.1 */,
				E6BF85C31AF12DA9005F08B2 /* Wechat */,
				E6BF85981AF12CB0005F08B2 /* login */,
				E6DDF4BD1AF0825800339E75 /* otherzone */,
				E6DDF4A51AEF365400339E75 /* backpacker */,
				E6DDF4991AEBBC6800339E75 /* Welcome */,
				E63DA5051AE6AC8D001D7811 /* mine */,
				E6D2C3691AE110D000FF823E /* root */,
				E6B2043E1AE6A50A00EB11B4 /* community */,
				E6B2043D1AE6A4FE00EB11B4 /* chat */,
				E6B2043C1AE6A4ED00EB11B4 /* live */,
				E6D2C3681AE110B400FF823E /* main */,
				E6518BF31ADD065E005A8C97 /* Images.xcassets */,
				E6BF85EF1AF12F91005F08B2 /* libMobClickLibrary.a */,
				E6BF85F01AF12F91005F08B2 /* MobClick.h */,
				E6B4FA961ADD07C900664D6C /* mckuai-Bridging-Header.h */,
				E6CB649D1ADD0F8700D61B85 /* ThirdParty */,
				E6518BEC1ADD065E005A8C97 /* AppDelegate.swift */,
				E6518BF51ADD065E005A8C97 /* LaunchScreen.xib */,
				E6518BEA1ADD065E005A8C97 /* Supporting Files */,
				E6518BF01ADD065E005A8C97 /* Main.storyboard */,
				E6DDF4921AEB9D0500339E75 /* MCUtils.swift */,
			);
			path = mckuai;
			sourceTree = "<group>";
		};
		E6518BEA1ADD065E005A8C97 /* Supporting Files */ = {
			isa = PBXGroup;
			children = (
				E6518BEB1ADD065E005A8C97 /* Info.plist */,
			);
			name = "Supporting Files";
			sourceTree = "<group>";
		};
		E6518BFF1ADD065E005A8C97 /* mckuaiTests */ = {
			isa = PBXGroup;
			children = (
				E6518C021ADD065E005A8C97 /* mckuaiTests.swift */,
				E6518C001ADD065E005A8C97 /* Supporting Files */,
			);
			path = mckuaiTests;
			sourceTree = "<group>";
		};
		E6518C001ADD065E005A8C97 /* Supporting Files */ = {
			isa = PBXGroup;
			children = (
				E6518C011ADD065E005A8C97 /* Info.plist */,
			);
			name = "Supporting Files";
			sourceTree = "<group>";
		};
		E68F46421AF13D37001DEA99 /* Headers */ = {
			isa = PBXGroup;
			children = (
				E68F46431AF13D37001DEA99 /* AmrDataConverter.h */,
				E68F46441AF13D37001DEA99 /* dec_if.h */,
				E68F46451AF13D37001DEA99 /* if_rom.h */,
				E68F46461AF13D37001DEA99 /* interf_dec.h */,
				E68F46471AF13D37001DEA99 /* interf_enc.h */,
				E68F46481AF13D37001DEA99 /* RCBasicViewController.h */,
				E68F46491AF13D37001DEA99 /* RCChatListViewController.h */,
				E68F464A1AF13D37001DEA99 /* RCChatSettingViewController.h */,
				E68F464B1AF13D37001DEA99 /* RCChatViewController.h */,
				E68F464C1AF13D37001DEA99 /* RCClientDelegate.h */,
				E68F464D1AF13D37001DEA99 /* RCCommandNotificationMessage.h */,
				E68F464E1AF13D37001DEA99 /* RCContactNotificationMessage.h */,
				E68F464F1AF13D37001DEA99 /* RCConversation.h */,
				E68F46501AF13D37001DEA99 /* RCDiscussion.h */,
				E68F46511AF13D37001DEA99 /* RCDiscussionNotification.h */,
				E68F46521AF13D37001DEA99 /* RCGroup.h */,
				E68F46531AF13D37001DEA99 /* RCGroupListViewController.h */,
				E68F46541AF13D37001DEA99 /* RCHandShakeMessage.h */,
				E68F46551AF13D37001DEA99 /* RCIM.h */,
				E68F46561AF13D37001DEA99 /* RCImageMessage.h */,
				E68F46571AF13D37001DEA99 /* RCIMClient.h */,
				E68F46581AF13D37001DEA99 /* RCIMClientHeader.h */,
				E68F46591AF13D37001DEA99 /* RCLocationMessage.h */,
				E68F465A1AF13D37001DEA99 /* RCLocationPickerViewController.h */,
				E68F465B1AF13D37001DEA99 /* RCLocationViewController.h */,
				E68F465C1AF13D37001DEA99 /* RCMessage.h */,
				E68F465D1AF13D37001DEA99 /* RCMessageContent.h */,
				E68F465E1AF13D37001DEA99 /* RCNotificationMessage.h */,
				E68F465F1AF13D37001DEA99 /* RCPreviewViewController.h */,
				E68F46601AF13D37001DEA99 /* RCProfileNotificationMessage.h */,
				E68F46611AF13D37001DEA99 /* RCRenameViewController.h */,
				E68F46621AF13D37001DEA99 /* RCRichContentMessage.h */,
				E68F46631AF13D37001DEA99 /* RCSelectPersonViewController.h */,
				E68F46641AF13D37001DEA99 /* RCStatusDefine.h */,
				E68F46651AF13D37001DEA99 /* RCStatusMessage.h */,
				E68F46661AF13D37001DEA99 /* RCSuspendMessage.h */,
				E68F46671AF13D37001DEA99 /* RCTextMessage.h */,
				E68F46681AF13D37001DEA99 /* RCThemeDefine.h */,
				E68F46691AF13D37001DEA99 /* RCUserInfo.h */,
				E68F466A1AF13D37001DEA99 /* RCVoiceMessage.h */,
			);
			path = Headers;
			sourceTree = "<group>";
		};
		E692AA561AEA477A00577B3C /* HMSegmentedControl */ = {
			isa = PBXGroup;
			children = (
				E692AA571AEA477A00577B3C /* HMSegmentedControl.h */,
				E692AA581AEA477A00577B3C /* HMSegmentedControl.m */,
			);
			path = HMSegmentedControl;
			sourceTree = "<group>";
		};
		E696E5271AE791EE00261F57 /* MFRoundProgressView */ = {
			isa = PBXGroup;
			children = (
				E696E5281AE7920800261F57 /* MFRoundProgressView.swift */,
			);
			name = MFRoundProgressView;
			sourceTree = "<group>";
		};
		E6B2043C1AE6A4ED00EB11B4 /* live */ = {
			isa = PBXGroup;
			children = (
				E6B7175F1ADECE7400684E83 /* liveViewController.swift */,
				E6B2043F1AE6A56000EB11B4 /* live.storyboard */,
			);
			name = live;
			sourceTree = "<group>";
		};
		E6B2043D1AE6A4FE00EB11B4 /* chat */ = {
			isa = PBXGroup;
			children = (
				E6B204411AE6A63C00EB11B4 /* chat.storyboard */,
				E6B204431AE6A66300EB11B4 /* chatViewController.swift */,
			);
			name = chat;
			sourceTree = "<group>";
		};
		E6B2043E1AE6A50A00EB11B4 /* community */ = {
			isa = PBXGroup;
			children = (
				E6BF85E71AF12E33005F08B2 /* TalkDetail.storyboard */,
				E6BF85E81AF12E33005F08B2 /* TalkDetail.swift */,
				E6BF85E91AF12E33005F08B2 /* TalkList.storyboard */,
				E6BF85EA1AF12E33005F08B2 /* TalkList.swift */,
				E6B204451AE6A73100EB11B4 /* community.storyboard */,
				E6B204471AE6A74A00EB11B4 /* communityViewController.swift */,
			);
			name = community;
			sourceTree = "<group>";
		};
		E6BF85981AF12CB0005F08B2 /* login */ = {
			isa = PBXGroup;
			children = (
				E6BF85991AF12CB0005F08B2 /* ShareUtil.swift */,
				E6BF859A1AF12CB0005F08B2 /* UserLogin.storyboard */,
				E6BF859B1AF12CB0005F08B2 /* UserLogin.swift */,
				E6BF859C1AF12CB0005F08B2 /* UserRegister.storyboard */,
				E6BF859D1AF12CB0005F08B2 /* UserRegister.swift */,
			);
			path = login;
			sourceTree = "<group>";
		};
		E6BF85A31AF12DA9005F08B2 /* TencentOpenAPI */ = {
			isa = PBXGroup;
			children = (
				E6BF85A41AF12DA9005F08B2 /* libSocialQQ.a */,
				E6BF85A51AF12DA9005F08B2 /* TencentOpenAPI.framework */,
				E6BF85A61AF12DA9005F08B2 /* TencentOpenApi_IOS_Bundle.bundle */,
				E6BF85A71AF12DA9005F08B2 /* UMSocialQQHandler.h */,
			);
			path = TencentOpenAPI;
			sourceTree = "<group>";
		};
		E6BF85A81AF12DA9005F08B2 /* UMSocial_Sdk_4.2.1 */ = {
			isa = PBXGroup;
			children = (
				E6BF85A91AF12DA9005F08B2 /* UMSocialLocalizable.strings */,
				E6BF85AB1AF12DA9005F08B2 /* Header */,
				E6BF85B71AF12DA9005F08B2 /* libUMSocial_Sdk_4.2.1.a */,
				E6BF85B81AF12DA9005F08B2 /* SocialSDKXib */,
				E6BF85C11AF12DA9005F08B2 /* UMSocialSDKResourcesNew.bundle */,
			);
			path = UMSocial_Sdk_4.2.1;
			sourceTree = "<group>";
		};
		E6BF85AB1AF12DA9005F08B2 /* Header */ = {
			isa = PBXGroup;
			children = (
				E6BF85AC1AF12DA9005F08B2 /* UMSocial.h */,
				E6BF85AD1AF12DA9005F08B2 /* UMSocialAccountManager.h */,
				E6BF85AE1AF12DA9005F08B2 /* UMSocialBar.h */,
				E6BF85AF1AF12DA9005F08B2 /* UMSocialConfig.h */,
				E6BF85B01AF12DA9005F08B2 /* UMSocialControllerService.h */,
				E6BF85B11AF12DA9005F08B2 /* UMSocialControllerServiceComment.h */,
				E6BF85B21AF12DA9005F08B2 /* UMSocialData.h */,
				E6BF85B31AF12DA9005F08B2 /* UMSocialDataService.h */,
				E6BF85B41AF12DA9005F08B2 /* UMSocialSnsData.h */,
				E6BF85B51AF12DA9005F08B2 /* UMSocialSnsPlatformManager.h */,
				E6BF85B61AF12DA9005F08B2 /* UMSocialSnsService.h */,
			);
			path = Header;
			sourceTree = "<group>";
		};
		E6BF85B81AF12DA9005F08B2 /* SocialSDKXib */ = {
			isa = PBXGroup;
			children = (
				E6BF85B91AF12DA9005F08B2 /* UMSCommentDetailController.xib */,
				E6BF85BA1AF12DA9005F08B2 /* UMSCommentInputController.xib */,
				E6BF85BB1AF12DA9005F08B2 /* UMSCommentInputControlleriPad.xib */,
				E6BF85BC1AF12DA9005F08B2 /* UMShareEditViewController.xib */,
				E6BF85BD1AF12DA9005F08B2 /* UMShareEditViewControlleriPad.xib */,
				E6BF85BE1AF12DA9005F08B2 /* UMSLoginViewController.xib */,
				E6BF85BF1AF12DA9005F08B2 /* UMSnsAccountViewController.xib */,
				E6BF85C01AF12DA9005F08B2 /* UMSShareListController.xib */,
			);
			path = SocialSDKXib;
			sourceTree = "<group>";
		};
		E6BF85C31AF12DA9005F08B2 /* Wechat */ = {
			isa = PBXGroup;
			children = (
				E6BF85C41AF12DA9005F08B2 /* libSocialWechat.a */,
				E6BF85C51AF12DA9005F08B2 /* libWeChatSDK.a */,
				E6BF85C61AF12DA9005F08B2 /* UMSocialWechatHandler.h */,
				E6BF85C71AF12DA9005F08B2 /* WXApi.h */,
				E6BF85C81AF12DA9005F08B2 /* WXApiObject.h */,
			);
			path = Wechat;
			sourceTree = "<group>";
		};
		E6BF85D91AF12DC4005F08B2 /* SCNavTabBar */ = {
			isa = PBXGroup;
			children = (
				E6BF85DA1AF12DC4005F08B2 /* CommonMacro.h */,
				E6BF85DB1AF12DC4005F08B2 /* SCNavTabBar.h */,
				E6BF85DC1AF12DC4005F08B2 /* SCNavTabBar.m */,
				E6BF85DD1AF12DC4005F08B2 /* SCNavTabBarController.h */,
				E6BF85DE1AF12DC4005F08B2 /* SCNavTabBarController.m */,
				E6BF85DF1AF12DC4005F08B2 /* SCPopView.h */,
				E6BF85E01AF12DC4005F08B2 /* SCPopView.m */,
				E6BF85E11AF12DC4005F08B2 /* SJAvatarBrowser.h */,
				E6BF85E21AF12DC4005F08B2 /* SJAvatarBrowser.m */,
			);
			path = SCNavTabBar;
			sourceTree = "<group>";
		};
		E6CB649D1ADD0F8700D61B85 /* ThirdParty */ = {
			isa = PBXGroup;
			children = (
				E6BF85D91AF12DC4005F08B2 /* SCNavTabBar */,
				E692AA561AEA477A00577B3C /* HMSegmentedControl */,
				E696E5271AE791EE00261F57 /* MFRoundProgressView */,
				E63DA50A1AE6B9A7001D7811 /* LTNavigatioinBar */,
				E626508D1ADFA35F00B16094 /* SwiftyJSON.swift */,
				E603D6491ADE668D00D93708 /* SABlurImageView */,
				E603D6411ADE650C00D93708 /* AsyncLegacy.swift */,
				E603D6431ADE657700D93708 /* WobbleView.swift */,
				E60624EC1ADE6F27007D6DEF /* SwiftyUserDefaults.swift */,
				E692AA491AE962AC00577B3C /* SwiftColors.swift */,
				E692AA521AE9FA9E00577B3C /* UILabel+DynamicHeight.m */,
				E692AA541AE9FAF300577B3C /* UILabel+DynamicHeight.h */,
			);
			name = ThirdParty;
			sourceTree = "<group>";
		};
		E6D2C3681AE110B400FF823E /* main */ = {
			isa = PBXGroup;
			children = (
				E696E5601AE7F88100261F57 /* citydict.plist */,
				E696E5611AE7F88100261F57 /* cityListViewController.swift */,
				E6B7175D1ADECE1D00684E83 /* mainViewController.swift */,
				E6B204381AE69E4C00EB11B4 /* mainSubCell.swift */,
				E6B204391AE69E4C00EB11B4 /* mainSubCell.xib */,
				E63898921AE0307E00756679 /* mainTableViewCell.swift */,
				E63898961AE042D900756679 /* mainData.swift */,
				E63898931AE0307E00756679 /* mainTableViewCell.xib */,
				E6D2C36A1AE1111500FF823E /* home.storyboard */,
				E696E5231AE7829000261F57 /* mainHeaderViewController.swift */,
			);
			name = main;
			sourceTree = "<group>";
		};
		E6D2C3691AE110D000FF823E /* root */ = {
			isa = PBXGroup;
			children = (
				E6B717611ADED22D00684E83 /* leftMenuViewController.swift */,
				E6518BEE1ADD065E005A8C97 /* rootViewController.swift */,
			);
			name = root;
			sourceTree = "<group>";
		};
		E6DDF4991AEBBC6800339E75 /* Welcome */ = {
			isa = PBXGroup;
			children = (
				E6DDF49A1AEBBC6800339E75 /* Launch.storyboard */,
				E6DDF49B1AEBBC6800339E75 /* WelcomePlus.swift */,
			);
			path = Welcome;
			sourceTree = "<group>";
		};
		E6DDF4A51AEF365400339E75 /* backpacker */ = {
			isa = PBXGroup;
			children = (
				E6DDF4A31AEF364A00339E75 /* backpackerViewController.swift */,
				E6DDF4A61AEF3B0700339E75 /* favoriteViewController.swift */,
				E6DDF4AA1AEF662400339E75 /* CollectionCell.swift */,
				E6DDF4B01AEF7A7E00339E75 /* friendsViewController.swift */,
				E6DDF4B21AEF7C1000339E75 /* friends.storyboard */,
			);
			name = backpacker;
			sourceTree = "<group>";
		};
		E6DDF4BD1AF0825800339E75 /* otherzone */ = {
			isa = PBXGroup;
			children = (
				E6DDF4BB1AF0824500339E75 /* other.storyboard */,
				E6DDF4C01AF082EA00339E75 /* otherHeadViewController.swift */,
				E6DDF4BE1AF0829000339E75 /* otherViewController.swift */,
			);
			name = otherzone;
			sourceTree = "<group>";
		};
/* End PBXGroup section */

/* Begin PBXNativeTarget section */
		E6518BE61ADD065E005A8C97 /* mckuai */ = {
			isa = PBXNativeTarget;
			buildConfigurationList = E6518C061ADD065E005A8C97 /* Build configuration list for PBXNativeTarget "mckuai" */;
			buildPhases = (
				A45426CE32E31B1651383576 /* Check Pods Manifest.lock */,
				E6518BE31ADD065E005A8C97 /* Sources */,
				E6518BE41ADD065E005A8C97 /* Frameworks */,
				E6518BE51ADD065E005A8C97 /* Resources */,
				30219731A4D3E7AC79769A1B /* Copy Pods Resources */,
			);
			buildRules = (
			);
			dependencies = (
			);
			name = mckuai;
			productName = mckuai;
			productReference = E6518BE71ADD065E005A8C97 /* mckuai.app */;
			productType = "com.apple.product-type.application";
		};
		E6518BFB1ADD065E005A8C97 /* mckuaiTests */ = {
			isa = PBXNativeTarget;
			buildConfigurationList = E6518C091ADD065E005A8C97 /* Build configuration list for PBXNativeTarget "mckuaiTests" */;
			buildPhases = (
				E6518BF81ADD065E005A8C97 /* Sources */,
				E6518BF91ADD065E005A8C97 /* Frameworks */,
				E6518BFA1ADD065E005A8C97 /* Resources */,
			);
			buildRules = (
			);
			dependencies = (
				E6518BFE1ADD065E005A8C97 /* PBXTargetDependency */,
			);
			name = mckuaiTests;
			productName = mckuaiTests;
			productReference = E6518BFC1ADD065E005A8C97 /* mckuaiTests.xctest */;
			productType = "com.apple.product-type.bundle.unit-test";
		};
/* End PBXNativeTarget section */

/* Begin PBXProject section */
		E6518BDF1ADD065E005A8C97 /* Project object */ = {
			isa = PBXProject;
			attributes = {
				LastUpgradeCheck = 0630;
				ORGANIZATIONNAME = XingfuQiu;
				TargetAttributes = {
					E6518BE61ADD065E005A8C97 = {
						CreatedOnToolsVersion = 6.3;
					};
					E6518BFB1ADD065E005A8C97 = {
						CreatedOnToolsVersion = 6.3;
						TestTargetID = E6518BE61ADD065E005A8C97;
					};
				};
			};
			buildConfigurationList = E6518BE21ADD065E005A8C97 /* Build configuration list for PBXProject "mckuai" */;
			compatibilityVersion = "Xcode 3.2";
			developmentRegion = English;
			hasScannedForEncodings = 0;
			knownRegions = (
				en,
				Base,
				"zh-Hans",
			);
			mainGroup = E6518BDE1ADD065E005A8C97;
			productRefGroup = E6518BE81ADD065E005A8C97 /* Products */;
			projectDirPath = "";
			projectRoot = "";
			targets = (
				E6518BE61ADD065E005A8C97 /* mckuai */,
				E6518BFB1ADD065E005A8C97 /* mckuaiTests */,
			);
		};
/* End PBXProject section */

/* Begin PBXResourcesBuildPhase section */
		E6518BE51ADD065E005A8C97 /* Resources */ = {
			isa = PBXResourcesBuildPhase;
			buildActionMask = 2147483647;
			files = (
				E6BF85D01AF12DA9005F08B2 /* UMSCommentInputControlleriPad.xib in Resources */,
				E6BF85961AF12BE1005F08B2 /* TencentOpenApi_IOS_Bundle.bundle in Resources */,
				E6B204461AE6A73100EB11B4 /* community.storyboard in Resources */,
				E6BF85D51AF12DA9005F08B2 /* UMSShareListController.xib in Resources */,
				E6BF85CC1AF12DA9005F08B2 /* UMSocialLocalizable.strings in Resources */,
				E68F466E1AF13D37001DEA99 /* RongCloud.bundle in Resources */,
				E6B204401AE6A56000EB11B4 /* live.storyboard in Resources */,
				E6BF859F1AF12CB0005F08B2 /* UserLogin.storyboard in Resources */,
				E6D2C36B1AE1111500FF823E /* home.storyboard in Resources */,
				E6B2043B1AE69E4C00EB11B4 /* mainSubCell.xib in Resources */,
				E6BF85D11AF12DA9005F08B2 /* UMShareEditViewController.xib in Resources */,
				E6518BF21ADD065E005A8C97 /* Main.storyboard in Resources */,
				E6BF85EB1AF12E33005F08B2 /* TalkDetail.storyboard in Resources */,
				E6BF85D21AF12DA9005F08B2 /* UMShareEditViewControlleriPad.xib in Resources */,
				E6DDF4B31AEF7C1000339E75 /* friends.storyboard in Resources */,
				E6BF85CE1AF12DA9005F08B2 /* UMSCommentDetailController.xib in Resources */,
				E6DDF4BC1AF0824500339E75 /* other.storyboard in Resources */,
				E692AA4E1AE9E43E00577B3C /* messageCell.xib in Resources */,
				E6BF85CB1AF12DA9005F08B2 /* TencentOpenApi_IOS_Bundle.bundle in Resources */,
				E6BF85D41AF12DA9005F08B2 /* UMSnsAccountViewController.xib in Resources */,
				E696E5621AE7F88100261F57 /* citydict.plist in Resources */,
				E63DA5071AE6ACA6001D7811 /* mine.storyboard in Resources */,
				E6BF85D31AF12DA9005F08B2 /* UMSLoginViewController.xib in Resources */,
				E6BF85ED1AF12E33005F08B2 /* TalkList.storyboard in Resources */,
				E6BF85A11AF12CB0005F08B2 /* UserRegister.storyboard in Resources */,
				E6DDF49C1AEBBC6800339E75 /* Launch.storyboard in Resources */,
				E6518BF71ADD065E005A8C97 /* LaunchScreen.xib in Resources */,
				E6BF85D61AF12DA9005F08B2 /* UMSocialSDKResourcesNew.bundle in Resources */,
				E6BF85CF1AF12DA9005F08B2 /* UMSCommentInputController.xib in Resources */,
				E63898951AE0307E00756679 /* mainTableViewCell.xib in Resources */,
				E6B204421AE6A63C00EB11B4 /* chat.storyboard in Resources */,
				E6518BF41ADD065E005A8C97 /* Images.xcassets in Resources */,
			);
			runOnlyForDeploymentPostprocessing = 0;
		};
		E6518BFA1ADD065E005A8C97 /* Resources */ = {
			isa = PBXResourcesBuildPhase;
			buildActionMask = 2147483647;
			files = (
			);
			runOnlyForDeploymentPostprocessing = 0;
		};
/* End PBXResourcesBuildPhase section */

/* Begin PBXShellScriptBuildPhase section */
		30219731A4D3E7AC79769A1B /* Copy Pods Resources */ = {
			isa = PBXShellScriptBuildPhase;
			buildActionMask = 2147483647;
			files = (
			);
			inputPaths = (
			);
			name = "Copy Pods Resources";
			outputPaths = (
			);
			runOnlyForDeploymentPostprocessing = 0;
			shellPath = /bin/sh;
			shellScript = "\"${SRCROOT}/Pods/Target Support Files/Pods-mckuai/Pods-mckuai-resources.sh\"\n";
			showEnvVarsInLog = 0;
		};
		A45426CE32E31B1651383576 /* Check Pods Manifest.lock */ = {
			isa = PBXShellScriptBuildPhase;
			buildActionMask = 2147483647;
			files = (
			);
			inputPaths = (
			);
			name = "Check Pods Manifest.lock";
			outputPaths = (
			);
			runOnlyForDeploymentPostprocessing = 0;
			shellPath = /bin/sh;
			shellScript = "diff \"${PODS_ROOT}/../Podfile.lock\" \"${PODS_ROOT}/Manifest.lock\" > /dev/null\nif [[ $? != 0 ]] ; then\n    cat << EOM\nerror: The sandbox is not in sync with the Podfile.lock. Run 'pod install' or update your CocoaPods installation.\nEOM\n    exit 1\nfi\n";
			showEnvVarsInLog = 0;
		};
/* End PBXShellScriptBuildPhase section */

/* Begin PBXSourcesBuildPhase section */
		E6518BE31ADD065E005A8C97 /* Sources */ = {
			isa = PBXSourcesBuildPhase;
			buildActionMask = 2147483647;
			files = (
				E6DDF4B11AEF7A7E00339E75 /* friendsViewController.swift in Sources */,
				E603D6441ADE657700D93708 /* WobbleView.swift in Sources */,
				E6BF85A01AF12CB0005F08B2 /* UserLogin.swift in Sources */,
				E6BF85A21AF12CB0005F08B2 /* UserRegister.swift in Sources */,
				E603D6421ADE650C00D93708 /* AsyncLegacy.swift in Sources */,
				E6DDF4BF1AF0829000339E75 /* otherViewController.swift in Sources */,
				E6DDF4A71AEF3B0700339E75 /* favoriteViewController.swift in Sources */,
				E692AA4A1AE962AC00577B3C /* SwiftColors.swift in Sources */,
				E603D64B1ADE66BF00D93708 /* UIImage+BlurEffect.swift in Sources */,
				E696E5291AE7920800261F57 /* MFRoundProgressView.swift in Sources */,
				E692AA591AEA477A00577B3C /* HMSegmentedControl.m in Sources */,
				E63DA5091AE6AD27001D7811 /* mineTableViewController.swift in Sources */,
				E6BF85E61AF12DC4005F08B2 /* SJAvatarBrowser.m in Sources */,
				E626508E1ADFA35F00B16094 /* SwiftyJSON.swift in Sources */,
				E696E5631AE7F88100261F57 /* cityListViewController.swift in Sources */,
				E6B717601ADECE7400684E83 /* liveViewController.swift in Sources */,
				E692AA4D1AE9E43E00577B3C /* messageCell.swift in Sources */,
				E603D6481ADE664900D93708 /* SABlurImageView.swift in Sources */,
				E6B204441AE6A66300EB11B4 /* chatViewController.swift in Sources */,
				E63898941AE0307E00756679 /* mainTableViewCell.swift in Sources */,
				E6DDF4931AEB9D0500339E75 /* MCUtils.swift in Sources */,
				E692AA431AE8D0FC00577B3C /* mineHeadViewController.swift in Sources */,
				E6BF85E31AF12DC4005F08B2 /* SCNavTabBar.m in Sources */,
				E6BF85E51AF12DC4005F08B2 /* SCPopView.m in Sources */,
				E6DDF4C11AF082EA00339E75 /* otherHeadViewController.swift in Sources */,
				E6DDF49D1AEBBC6800339E75 /* WelcomePlus.swift in Sources */,
				E60624ED1ADE6F27007D6DEF /* SwiftyUserDefaults.swift in Sources */,
				E63898971AE042D900756679 /* mainData.swift in Sources */,
				E6BF85EC1AF12E33005F08B2 /* TalkDetail.swift in Sources */,
				E6BF85E41AF12DC4005F08B2 /* SCNavTabBarController.m in Sources */,
				E6BF85EE1AF12E33005F08B2 /* TalkList.swift in Sources */,
				E6518BEF1ADD065E005A8C97 /* rootViewController.swift in Sources */,
				E6B717621ADED22D00684E83 /* leftMenuViewController.swift in Sources */,
				E6DDF4A41AEF364A00339E75 /* backpackerViewController.swift in Sources */,
				E63DA50D1AE6B9C7001D7811 /* UINavigationBar+Awesome.m in Sources */,
				E6B204481AE6A74A00EB11B4 /* communityViewController.swift in Sources */,
				E6518BED1ADD065E005A8C97 /* AppDelegate.swift in Sources */,
				E6DDF4AC1AEF662400339E75 /* CollectionCell.swift in Sources */,
				E6B7175E1ADECE1D00684E83 /* mainViewController.swift in Sources */,
				E692AA531AE9FA9E00577B3C /* UILabel+DynamicHeight.m in Sources */,
				E696E5241AE7829000261F57 /* mainHeaderViewController.swift in Sources */,
				E6B2043A1AE69E4C00EB11B4 /* mainSubCell.swift in Sources */,
				E6BF859E1AF12CB0005F08B2 /* ShareUtil.swift in Sources */,
			);
			runOnlyForDeploymentPostprocessing = 0;
		};
		E6518BF81ADD065E005A8C97 /* Sources */ = {
			isa = PBXSourcesBuildPhase;
			buildActionMask = 2147483647;
			files = (
				E6518C031ADD065E005A8C97 /* mckuaiTests.swift in Sources */,
			);
			runOnlyForDeploymentPostprocessing = 0;
		};
/* End PBXSourcesBuildPhase section */

/* Begin PBXTargetDependency section */
		E6518BFE1ADD065E005A8C97 /* PBXTargetDependency */ = {
			isa = PBXTargetDependency;
			target = E6518BE61ADD065E005A8C97 /* mckuai */;
			targetProxy = E6518BFD1ADD065E005A8C97 /* PBXContainerItemProxy */;
		};
/* End PBXTargetDependency section */

/* Begin PBXVariantGroup section */
		E6518BF01ADD065E005A8C97 /* Main.storyboard */ = {
			isa = PBXVariantGroup;
			children = (
				E6518BF11ADD065E005A8C97 /* Base */,
			);
			name = Main.storyboard;
			sourceTree = "<group>";
		};
		E6518BF51ADD065E005A8C97 /* LaunchScreen.xib */ = {
			isa = PBXVariantGroup;
			children = (
				E6518BF61ADD065E005A8C97 /* Base */,
			);
			name = LaunchScreen.xib;
			sourceTree = "<group>";
		};
		E6BF85A91AF12DA9005F08B2 /* UMSocialLocalizable.strings */ = {
			isa = PBXVariantGroup;
			children = (
				E6BF85AA1AF12DA9005F08B2 /* en */,
				E6BF85C21AF12DA9005F08B2 /* zh-Hans */,
			);
			name = UMSocialLocalizable.strings;
			sourceTree = "<group>";
		};
/* End PBXVariantGroup section */

/* Begin XCBuildConfiguration section */
		E6518C041ADD065E005A8C97 /* Debug */ = {
			isa = XCBuildConfiguration;
			buildSettings = {
				ALWAYS_SEARCH_USER_PATHS = NO;
				CLANG_CXX_LANGUAGE_STANDARD = "gnu++0x";
				CLANG_CXX_LIBRARY = "libc++";
				CLANG_ENABLE_MODULES = YES;
				CLANG_ENABLE_OBJC_ARC = YES;
				CLANG_WARN_BOOL_CONVERSION = YES;
				CLANG_WARN_CONSTANT_CONVERSION = YES;
				CLANG_WARN_DIRECT_OBJC_ISA_USAGE = YES_ERROR;
				CLANG_WARN_EMPTY_BODY = YES;
				CLANG_WARN_ENUM_CONVERSION = YES;
				CLANG_WARN_INT_CONVERSION = YES;
				CLANG_WARN_OBJC_ROOT_CLASS = YES_ERROR;
				CLANG_WARN_UNREACHABLE_CODE = YES;
				CLANG_WARN__DUPLICATE_METHOD_MATCH = YES;
				"CODE_SIGN_IDENTITY[sdk=iphoneos*]" = "iPhone Developer";
				COPY_PHASE_STRIP = NO;
				DEBUG_INFORMATION_FORMAT = "dwarf-with-dsym";
				ENABLE_STRICT_OBJC_MSGSEND = YES;
				GCC_C_LANGUAGE_STANDARD = gnu99;
				GCC_DYNAMIC_NO_PIC = NO;
				GCC_NO_COMMON_BLOCKS = YES;
				GCC_OPTIMIZATION_LEVEL = 0;
				GCC_PREPROCESSOR_DEFINITIONS = (
					"DEBUG=1",
					"$(inherited)",
				);
				GCC_SYMBOLS_PRIVATE_EXTERN = NO;
				GCC_WARN_64_TO_32_BIT_CONVERSION = YES;
				GCC_WARN_ABOUT_RETURN_TYPE = YES_ERROR;
				GCC_WARN_UNDECLARED_SELECTOR = YES;
				GCC_WARN_UNINITIALIZED_AUTOS = YES_AGGRESSIVE;
				GCC_WARN_UNUSED_FUNCTION = YES;
				GCC_WARN_UNUSED_VARIABLE = YES;
				IPHONEOS_DEPLOYMENT_TARGET = 8.3;
				MTL_ENABLE_DEBUG_INFO = YES;
				ONLY_ACTIVE_ARCH = YES;
				SDKROOT = iphoneos;
				SWIFT_OPTIMIZATION_LEVEL = "-Onone";
			};
			name = Debug;
		};
		E6518C051ADD065E005A8C97 /* Release */ = {
			isa = XCBuildConfiguration;
			buildSettings = {
				ALWAYS_SEARCH_USER_PATHS = NO;
				CLANG_CXX_LANGUAGE_STANDARD = "gnu++0x";
				CLANG_CXX_LIBRARY = "libc++";
				CLANG_ENABLE_MODULES = YES;
				CLANG_ENABLE_OBJC_ARC = YES;
				CLANG_WARN_BOOL_CONVERSION = YES;
				CLANG_WARN_CONSTANT_CONVERSION = YES;
				CLANG_WARN_DIRECT_OBJC_ISA_USAGE = YES_ERROR;
				CLANG_WARN_EMPTY_BODY = YES;
				CLANG_WARN_ENUM_CONVERSION = YES;
				CLANG_WARN_INT_CONVERSION = YES;
				CLANG_WARN_OBJC_ROOT_CLASS = YES_ERROR;
				CLANG_WARN_UNREACHABLE_CODE = YES;
				CLANG_WARN__DUPLICATE_METHOD_MATCH = YES;
				"CODE_SIGN_IDENTITY[sdk=iphoneos*]" = "iPhone Developer";
				COPY_PHASE_STRIP = NO;
				DEBUG_INFORMATION_FORMAT = "dwarf-with-dsym";
				ENABLE_NS_ASSERTIONS = NO;
				ENABLE_STRICT_OBJC_MSGSEND = YES;
				GCC_C_LANGUAGE_STANDARD = gnu99;
				GCC_NO_COMMON_BLOCKS = YES;
				GCC_WARN_64_TO_32_BIT_CONVERSION = YES;
				GCC_WARN_ABOUT_RETURN_TYPE = YES_ERROR;
				GCC_WARN_UNDECLARED_SELECTOR = YES;
				GCC_WARN_UNINITIALIZED_AUTOS = YES_AGGRESSIVE;
				GCC_WARN_UNUSED_FUNCTION = YES;
				GCC_WARN_UNUSED_VARIABLE = YES;
				IPHONEOS_DEPLOYMENT_TARGET = 8.3;
				MTL_ENABLE_DEBUG_INFO = NO;
				SDKROOT = iphoneos;
				VALIDATE_PRODUCT = YES;
			};
			name = Release;
		};
		E6518C071ADD065E005A8C97 /* Debug */ = {
			isa = XCBuildConfiguration;
			baseConfigurationReference = 01A338F1C539FF6B80886F4A /* Pods-mckuai.debug.xcconfig */;
			buildSettings = {
				ASSETCATALOG_COMPILER_APPICON_NAME = AppIcon;
				CLANG_ENABLE_MODULES = YES;
				FRAMEWORK_SEARCH_PATHS = (
					"$(inherited)",
					"$(PROJECT_DIR)",
					"$(PROJECT_DIR)/mckuai/TencentOpenAPI",
				);
				INFOPLIST_FILE = mckuai/Info.plist;
				IPHONEOS_DEPLOYMENT_TARGET = 7.1;
				LD_RUNPATH_SEARCH_PATHS = "$(inherited) @executable_path/Frameworks";
				LIBRARY_SEARCH_PATHS = (
					"$(inherited)",
					"$(PROJECT_DIR)/mckuai/TencentOpenAPI",
					"$(PROJECT_DIR)/mckuai/UMSocial_Sdk_4.2.1",
					"$(PROJECT_DIR)/mckuai/Wechat",
					"$(PROJECT_DIR)/mckuai",
					"$(PROJECT_DIR)",
				);
				PRODUCT_NAME = "$(TARGET_NAME)";
				SWIFT_OBJC_BRIDGING_HEADER = "mckuai/mckuai-Bridging-Header.h";
				SWIFT_OPTIMIZATION_LEVEL = "-Onone";
			};
			name = Debug;
		};
		E6518C081ADD065E005A8C97 /* Release */ = {
			isa = XCBuildConfiguration;
			baseConfigurationReference = 122493CA7CAEC4ECF51B2D3E /* Pods-mckuai.release.xcconfig */;
			buildSettings = {
				ASSETCATALOG_COMPILER_APPICON_NAME = AppIcon;
				CLANG_ENABLE_MODULES = YES;
				FRAMEWORK_SEARCH_PATHS = (
					"$(inherited)",
					"$(PROJECT_DIR)",
					"$(PROJECT_DIR)/mckuai/TencentOpenAPI",
				);
				INFOPLIST_FILE = mckuai/Info.plist;
				IPHONEOS_DEPLOYMENT_TARGET = 7.1;
				LD_RUNPATH_SEARCH_PATHS = "$(inherited) @executable_path/Frameworks";
				LIBRARY_SEARCH_PATHS = (
					"$(inherited)",
					"$(PROJECT_DIR)/mckuai/TencentOpenAPI",
					"$(PROJECT_DIR)/mckuai/UMSocial_Sdk_4.2.1",
					"$(PROJECT_DIR)/mckuai/Wechat",
					"$(PROJECT_DIR)/mckuai",
					"$(PROJECT_DIR)",
				);
				PRODUCT_NAME = "$(TARGET_NAME)";
				SWIFT_OBJC_BRIDGING_HEADER = "mckuai/mckuai-Bridging-Header.h";
			};
			name = Release;
		};
		E6518C0A1ADD065E005A8C97 /* Debug */ = {
			isa = XCBuildConfiguration;
			buildSettings = {
				BUNDLE_LOADER = "$(TEST_HOST)";
				FRAMEWORK_SEARCH_PATHS = (
					"$(SDKROOT)/Developer/Library/Frameworks",
					"$(inherited)",
				);
				GCC_PREPROCESSOR_DEFINITIONS = (
					"DEBUG=1",
					"$(inherited)",
				);
				INFOPLIST_FILE = mckuaiTests/Info.plist;
				LD_RUNPATH_SEARCH_PATHS = "$(inherited) @executable_path/Frameworks @loader_path/Frameworks";
				PRODUCT_NAME = "$(TARGET_NAME)";
				TEST_HOST = "$(BUILT_PRODUCTS_DIR)/mckuai.app/mckuai";
			};
			name = Debug;
		};
		E6518C0B1ADD065E005A8C97 /* Release */ = {
			isa = XCBuildConfiguration;
			buildSettings = {
				BUNDLE_LOADER = "$(TEST_HOST)";
				FRAMEWORK_SEARCH_PATHS = (
					"$(SDKROOT)/Developer/Library/Frameworks",
					"$(inherited)",
				);
				INFOPLIST_FILE = mckuaiTests/Info.plist;
				LD_RUNPATH_SEARCH_PATHS = "$(inherited) @executable_path/Frameworks @loader_path/Frameworks";
				PRODUCT_NAME = "$(TARGET_NAME)";
				TEST_HOST = "$(BUILT_PRODUCTS_DIR)/mckuai.app/mckuai";
			};
			name = Release;
		};
/* End XCBuildConfiguration section */

/* Begin XCConfigurationList section */
		E6518BE21ADD065E005A8C97 /* Build configuration list for PBXProject "mckuai" */ = {
			isa = XCConfigurationList;
			buildConfigurations = (
				E6518C041ADD065E005A8C97 /* Debug */,
				E6518C051ADD065E005A8C97 /* Release */,
			);
			defaultConfigurationIsVisible = 0;
			defaultConfigurationName = Release;
		};
		E6518C061ADD065E005A8C97 /* Build configuration list for PBXNativeTarget "mckuai" */ = {
			isa = XCConfigurationList;
			buildConfigurations = (
				E6518C071ADD065E005A8C97 /* Debug */,
				E6518C081ADD065E005A8C97 /* Release */,
			);
			defaultConfigurationIsVisible = 0;
			defaultConfigurationName = Release;
		};
		E6518C091ADD065E005A8C97 /* Build configuration list for PBXNativeTarget "mckuaiTests" */ = {
			isa = XCConfigurationList;
			buildConfigurations = (
				E6518C0A1ADD065E005A8C97 /* Debug */,
				E6518C0B1ADD065E005A8C97 /* Release */,
			);
			defaultConfigurationIsVisible = 0;
			defaultConfigurationName = Release;
		};
/* End XCConfigurationList section */
	};
	rootObject = E6518BDF1ADD065E005A8C97 /* Project object */;
}
